// !$*UTF8*$!
{
	archiveVersion = 1;
	classes = {
	};
	objectVersion = 48;
	objects = {

/* Begin PBXBuildFile section */
		EB50609C1FAD95FA00C620F2 /* AppDelegate.m in Sources */ = {isa = PBXBuildFile; fileRef = EB50609B1FAD95FA00C620F2 /* AppDelegate.m */; };
		EB50609F1FAD95FA00C620F2 /* ViewController.m in Sources */ = {isa = PBXBuildFile; fileRef = EB50609E1FAD95FA00C620F2 /* ViewController.m */; };
		EB5060A21FAD95FA00C620F2 /* Main.storyboard in Resources */ = {isa = PBXBuildFile; fileRef = EB5060A01FAD95FA00C620F2 /* Main.storyboard */; };
		EB5060A41FAD95FA00C620F2 /* Assets.xcassets in Resources */ = {isa = PBXBuildFile; fileRef = EB5060A31FAD95FA00C620F2 /* Assets.xcassets */; };
		EB5060A71FAD95FA00C620F2 /* LaunchScreen.storyboard in Resources */ = {isa = PBXBuildFile; fileRef = EB5060A51FAD95FA00C620F2 /* LaunchScreen.storyboard */; };
		EB5060AA1FAD95FA00C620F2 /* main.m in Sources */ = {isa = PBXBuildFile; fileRef = EB5060A91FAD95FA00C620F2 /* main.m */; };
		EB5060B71FAD961B00C620F2 /* fragment.fsh in Resources */ = {isa = PBXBuildFile; fileRef = EB5060B01FAD961A00C620F2 /* fragment.fsh */; };
		EB5060B81FAD961B00C620F2 /* vertex.vsh in Resources */ = {isa = PBXBuildFile; fileRef = EB5060B11FAD961A00C620F2 /* vertex.vsh */; };
		EB5060B91FAD961B00C620F2 /* MTGLProgram.c in Sources */ = {isa = PBXBuildFile; fileRef = EB5060B21FAD961A00C620F2 /* MTGLProgram.c */; };
		EB5060BA1FAD961B00C620F2 /* Logo.png in Resources */ = {isa = PBXBuildFile; fileRef = EB5060B31FAD961A00C620F2 /* Logo.png */; };
		EB5060BB1FAD961B00C620F2 /* MTEAGLView.mm in Sources */ = {isa = PBXBuildFile; fileRef = EB5060B51FAD961B00C620F2 /* MTEAGLView.mm */; };
		EB5060BD1FAD988700C620F2 /* Timg.jpeg in Resources */ = {isa = PBXBuildFile; fileRef = EB5060BC1FAD988700C620F2 /* Timg.jpeg */; };
		EB5061A41FAF0F6400C620F2 /* CMakeLists.txt in Resources */ = {isa = PBXBuildFile; fileRef = EB5060BF1FAF0F6400C620F2 /* CMakeLists.txt */; };
		EB5061A51FAF0F6400C620F2 /* dummy.cpp in Sources */ = {isa = PBXBuildFile; fileRef = EB5060C61FAF0F6400C620F2 /* dummy.cpp */; };
		EB5061A61FAF0F6400C620F2 /* func_common.inl in Resources */ = {isa = PBXBuildFile; fileRef = EB5060C81FAF0F6400C620F2 /* func_common.inl */; };
		EB5061A71FAF0F6400C620F2 /* func_exponential.inl in Resources */ = {isa = PBXBuildFile; fileRef = EB5060CA1FAF0F6400C620F2 /* func_exponential.inl */; };
		EB5061A81FAF0F6400C620F2 /* func_geometric.inl in Resources */ = {isa = PBXBuildFile; fileRef = EB5060CC1FAF0F6400C620F2 /* func_geometric.inl */; };
		EB5061A91FAF0F6400C620F2 /* func_integer.inl in Resources */ = {isa = PBXBuildFile; fileRef = EB5060CE1FAF0F6400C620F2 /* func_integer.inl */; };
		EB5061AA1FAF0F6400C620F2 /* func_matrix.inl in Resources */ = {isa = PBXBuildFile; fileRef = EB5060D01FAF0F6400C620F2 /* func_matrix.inl */; };
		EB5061AB1FAF0F6400C620F2 /* func_noise.inl in Resources */ = {isa = PBXBuildFile; fileRef = EB5060D21FAF0F6400C620F2 /* func_noise.inl */; };
		EB5061AC1FAF0F6400C620F2 /* func_packing.inl in Resources */ = {isa = PBXBuildFile; fileRef = EB5060D41FAF0F6400C620F2 /* func_packing.inl */; };
		EB5061AD1FAF0F6400C620F2 /* func_trigonometric.inl in Resources */ = {isa = PBXBuildFile; fileRef = EB5060D61FAF0F6400C620F2 /* func_trigonometric.inl */; };
		EB5061AE1FAF0F6400C620F2 /* func_vector_relational.inl in Resources */ = {isa = PBXBuildFile; fileRef = EB5060D81FAF0F6400C620F2 /* func_vector_relational.inl */; };
		EB5061AF1FAF0F6400C620F2 /* intrinsic_common.inl in Resources */ = {isa = PBXBuildFile; fileRef = EB5060DB1FAF0F6400C620F2 /* intrinsic_common.inl */; };
		EB5061B01FAF0F6400C620F2 /* intrinsic_exponential.inl in Resources */ = {isa = PBXBuildFile; fileRef = EB5060DD1FAF0F6400C620F2 /* intrinsic_exponential.inl */; };
		EB5061B11FAF0F6400C620F2 /* intrinsic_geometric.inl in Resources */ = {isa = PBXBuildFile; fileRef = EB5060DF1FAF0F6400C620F2 /* intrinsic_geometric.inl */; };
		EB5061B21FAF0F6400C620F2 /* intrinsic_matrix.inl in Resources */ = {isa = PBXBuildFile; fileRef = EB5060E11FAF0F6400C620F2 /* intrinsic_matrix.inl */; };
		EB5061B31FAF0F6400C620F2 /* intrinsic_trigonometric.inl in Resources */ = {isa = PBXBuildFile; fileRef = EB5060E31FAF0F6400C620F2 /* intrinsic_trigonometric.inl */; };
		EB5061B41FAF0F6400C620F2 /* intrinsic_vector_relational.inl in Resources */ = {isa = PBXBuildFile; fileRef = EB5060E51FAF0F6400C620F2 /* intrinsic_vector_relational.inl */; };
		EB5061B51FAF0F6400C620F2 /* type_gentype.inl in Resources */ = {isa = PBXBuildFile; fileRef = EB5060EA1FAF0F6400C620F2 /* type_gentype.inl */; };
		EB5061B61FAF0F6400C620F2 /* type_half.inl in Resources */ = {isa = PBXBuildFile; fileRef = EB5060EC1FAF0F6400C620F2 /* type_half.inl */; };
		EB5061B71FAF0F6400C620F2 /* type_mat.inl in Resources */ = {isa = PBXBuildFile; fileRef = EB5060EF1FAF0F6400C620F2 /* type_mat.inl */; };
		EB5061B81FAF0F6400C620F2 /* type_mat2x2.inl in Resources */ = {isa = PBXBuildFile; fileRef = EB5060F11FAF0F6400C620F2 /* type_mat2x2.inl */; };
		EB5061B91FAF0F6400C620F2 /* type_mat2x3.inl in Resources */ = {isa = PBXBuildFile; fileRef = EB5060F31FAF0F6400C620F2 /* type_mat2x3.inl */; };
		EB5061BA1FAF0F6400C620F2 /* type_mat2x4.inl in Resources */ = {isa = PBXBuildFile; fileRef = EB5060F51FAF0F6400C620F2 /* type_mat2x4.inl */; };
		EB5061BB1FAF0F6400C620F2 /* type_mat3x2.inl in Resources */ = {isa = PBXBuildFile; fileRef = EB5060F71FAF0F6400C620F2 /* type_mat3x2.inl */; };
		EB5061BC1FAF0F6400C620F2 /* type_mat3x3.inl in Resources */ = {isa = PBXBuildFile; fileRef = EB5060F91FAF0F6400C620F2 /* type_mat3x3.inl */; };
		EB5061BD1FAF0F6400C620F2 /* type_mat3x4.inl in Resources */ = {isa = PBXBuildFile; fileRef = EB5060FB1FAF0F6400C620F2 /* type_mat3x4.inl */; };
		EB5061BE1FAF0F6400C620F2 /* type_mat4x2.inl in Resources */ = {isa = PBXBuildFile; fileRef = EB5060FD1FAF0F6400C620F2 /* type_mat4x2.inl */; };
		EB5061BF1FAF0F6400C620F2 /* type_mat4x3.inl in Resources */ = {isa = PBXBuildFile; fileRef = EB5060FF1FAF0F6400C620F2 /* type_mat4x3.inl */; };
		EB5061C01FAF0F6400C620F2 /* type_mat4x4.inl in Resources */ = {isa = PBXBuildFile; fileRef = EB5061011FAF0F6400C620F2 /* type_mat4x4.inl */; };
		EB5061C11FAF0F6400C620F2 /* type_vec.inl in Resources */ = {isa = PBXBuildFile; fileRef = EB5061041FAF0F6400C620F2 /* type_vec.inl */; };
		EB5061C21FAF0F6400C620F2 /* type_vec1.inl in Resources */ = {isa = PBXBuildFile; fileRef = EB5061061FAF0F6400C620F2 /* type_vec1.inl */; };
		EB5061C31FAF0F6400C620F2 /* type_vec2.inl in Resources */ = {isa = PBXBuildFile; fileRef = EB5061081FAF0F6400C620F2 /* type_vec2.inl */; };
		EB5061C41FAF0F6400C620F2 /* type_vec3.inl in Resources */ = {isa = PBXBuildFile; fileRef = EB50610A1FAF0F6400C620F2 /* type_vec3.inl */; };
		EB5061C51FAF0F6400C620F2 /* type_vec4.inl in Resources */ = {isa = PBXBuildFile; fileRef = EB50610C1FAF0F6400C620F2 /* type_vec4.inl */; };
		EB5061C61FAF0F6400C620F2 /* constants.inl in Resources */ = {isa = PBXBuildFile; fileRef = EB5061111FAF0F6400C620F2 /* constants.inl */; };
		EB5061C71FAF0F6400C620F2 /* epsilon.inl in Resources */ = {isa = PBXBuildFile; fileRef = EB5061131FAF0F6400C620F2 /* epsilon.inl */; };
		EB5061C81FAF0F6400C620F2 /* half_float.inl in Resources */ = {isa = PBXBuildFile; fileRef = EB5061151FAF0F6400C620F2 /* half_float.inl */; };
		EB5061C91FAF0F6400C620F2 /* matrix_access.inl in Resources */ = {isa = PBXBuildFile; fileRef = EB5061171FAF0F6400C620F2 /* matrix_access.inl */; };
		EB5061CA1FAF0F6400C620F2 /* matrix_inverse.inl in Resources */ = {isa = PBXBuildFile; fileRef = EB50611A1FAF0F6400C620F2 /* matrix_inverse.inl */; };
		EB5061CB1FAF0F6400C620F2 /* matrix_transform.inl in Resources */ = {isa = PBXBuildFile; fileRef = EB50611C1FAF0F6400C620F2 /* matrix_transform.inl */; };
		EB5061CC1FAF0F6400C620F2 /* noise.inl in Resources */ = {isa = PBXBuildFile; fileRef = EB50611E1FAF0F6400C620F2 /* noise.inl */; };
		EB5061CD1FAF0F6400C620F2 /* quaternion.inl in Resources */ = {isa = PBXBuildFile; fileRef = EB5061201FAF0F6400C620F2 /* quaternion.inl */; };
		EB5061CE1FAF0F6400C620F2 /* random.inl in Resources */ = {isa = PBXBuildFile; fileRef = EB5061221FAF0F6400C620F2 /* random.inl */; };
		EB5061CF1FAF0F6400C620F2 /* reciprocal.inl in Resources */ = {isa = PBXBuildFile; fileRef = EB5061241FAF0F6400C620F2 /* reciprocal.inl */; };
		EB5061D01FAF0F6400C620F2 /* swizzle.inl in Resources */ = {isa = PBXBuildFile; fileRef = EB5061261FAF0F6400C620F2 /* swizzle.inl */; };
		EB5061D11FAF0F6400C620F2 /* type_precision.inl in Resources */ = {isa = PBXBuildFile; fileRef = EB5061281FAF0F6400C620F2 /* type_precision.inl */; };
		EB5061D21FAF0F6400C620F2 /* type_ptr.inl in Resources */ = {isa = PBXBuildFile; fileRef = EB50612A1FAF0F6400C620F2 /* type_ptr.inl */; };
		EB5061D31FAF0F6400C620F2 /* ulp.inl in Resources */ = {isa = PBXBuildFile; fileRef = EB50612C1FAF0F6400C620F2 /* ulp.inl */; };
		EB5061D41FAF0F6400C620F2 /* associated_min_max.inl in Resources */ = {isa = PBXBuildFile; fileRef = EB50612F1FAF0F6400C620F2 /* associated_min_max.inl */; };
		EB5061D51FAF0F6400C620F2 /* bit.inl in Resources */ = {isa = PBXBuildFile; fileRef = EB5061311FAF0F6400C620F2 /* bit.inl */; };
		EB5061D61FAF0F6400C620F2 /* closest_point.inl in Resources */ = {isa = PBXBuildFile; fileRef = EB5061331FAF0F6400C620F2 /* closest_point.inl */; };
		EB5061D71FAF0F6400C620F2 /* color_cast.inl in Resources */ = {isa = PBXBuildFile; fileRef = EB5061351FAF0F6400C620F2 /* color_cast.inl */; };
		EB5061D81FAF0F6400C620F2 /* color_space.inl in Resources */ = {isa = PBXBuildFile; fileRef = EB5061371FAF0F6400C620F2 /* color_space.inl */; };
		EB5061D91FAF0F6400C620F2 /* color_space_YCoCg.inl in Resources */ = {isa = PBXBuildFile; fileRef = EB5061391FAF0F6400C620F2 /* color_space_YCoCg.inl */; };
		EB5061DA1FAF0F6400C620F2 /* compatibility.inl in Resources */ = {isa = PBXBuildFile; fileRef = EB50613B1FAF0F6400C620F2 /* compatibility.inl */; };
		EB5061DB1FAF0F6400C620F2 /* component_wise.inl in Resources */ = {isa = PBXBuildFile; fileRef = EB50613D1FAF0F6400C620F2 /* component_wise.inl */; };
		EB5061DC1FAF0F6400C620F2 /* euler_angles.inl in Resources */ = {isa = PBXBuildFile; fileRef = EB5061411FAF0F6400C620F2 /* euler_angles.inl */; };
		EB5061DD1FAF0F6400C620F2 /* extend.inl in Resources */ = {isa = PBXBuildFile; fileRef = EB5061431FAF0F6400C620F2 /* extend.inl */; };
		EB5061DE1FAF0F6400C620F2 /* extented_min_max.inl in Resources */ = {isa = PBXBuildFile; fileRef = EB5061451FAF0F6400C620F2 /* extented_min_max.inl */; };
		EB5061DF1FAF0F6400C620F2 /* fast_exponential.inl in Resources */ = {isa = PBXBuildFile; fileRef = EB5061471FAF0F6400C620F2 /* fast_exponential.inl */; };
		EB5061E01FAF0F6400C620F2 /* fast_square_root.inl in Resources */ = {isa = PBXBuildFile; fileRef = EB5061491FAF0F6400C620F2 /* fast_square_root.inl */; };
		EB5061E11FAF0F6400C620F2 /* fast_trigonometry.inl in Resources */ = {isa = PBXBuildFile; fileRef = EB50614B1FAF0F6400C620F2 /* fast_trigonometry.inl */; };
		EB5061E21FAF0F6400C620F2 /* gradient_paint.inl in Resources */ = {isa = PBXBuildFile; fileRef = EB50614D1FAF0F6400C620F2 /* gradient_paint.inl */; };
		EB5061E31FAF0F6400C620F2 /* handed_coordinate_space.inl in Resources */ = {isa = PBXBuildFile; fileRef = EB50614F1FAF0F6400C620F2 /* handed_coordinate_space.inl */; };
		EB5061E41FAF0F6400C620F2 /* inertia.inl in Resources */ = {isa = PBXBuildFile; fileRef = EB5061511FAF0F6400C620F2 /* inertia.inl */; };
		EB5061E51FAF0F6400C620F2 /* int_10_10_10_2.inl in Resources */ = {isa = PBXBuildFile; fileRef = EB5061531FAF0F6400C620F2 /* int_10_10_10_2.inl */; };
		EB5061E61FAF0F6400C620F2 /* integer.inl in Resources */ = {isa = PBXBuildFile; fileRef = EB5061551FAF0F6400C620F2 /* integer.inl */; };
		EB5061E71FAF0F6400C620F2 /* intersect.inl in Resources */ = {isa = PBXBuildFile; fileRef = EB5061571FAF0F6400C620F2 /* intersect.inl */; };
		EB5061E81FAF0F6400C620F2 /* log_base.inl in Resources */ = {isa = PBXBuildFile; fileRef = EB5061591FAF0F6400C620F2 /* log_base.inl */; };
		EB5061E91FAF0F6400C620F2 /* matrix_cross_product.inl in Resources */ = {isa = PBXBuildFile; fileRef = EB50615B1FAF0F6400C620F2 /* matrix_cross_product.inl */; };
		EB5061EA1FAF0F6400C620F2 /* matrix_interpolation.inl in Resources */ = {isa = PBXBuildFile; fileRef = EB50615D1FAF0F6400C620F2 /* matrix_interpolation.inl */; };
		EB5061EB1FAF0F6400C620F2 /* matrix_major_storage.inl in Resources */ = {isa = PBXBuildFile; fileRef = EB50615F1FAF0F6400C620F2 /* matrix_major_storage.inl */; };
		EB5061EC1FAF0F6400C620F2 /* matrix_operation.inl in Resources */ = {isa = PBXBuildFile; fileRef = EB5061611FAF0F6400C620F2 /* matrix_operation.inl */; };
		EB5061ED1FAF0F6400C620F2 /* matrix_query.inl in Resources */ = {isa = PBXBuildFile; fileRef = EB5061631FAF0F6400C620F2 /* matrix_query.inl */; };
		EB5061EE1FAF0F6400C620F2 /* mixed_product.inl in Resources */ = {isa = PBXBuildFile; fileRef = EB5061651FAF0F6400C620F2 /* mixed_product.inl */; };
		EB5061EF1FAF0F6400C620F2 /* multiple.inl in Resources */ = {isa = PBXBuildFile; fileRef = EB5061671FAF0F6400C620F2 /* multiple.inl */; };
		EB5061F01FAF0F6400C620F2 /* norm.inl in Resources */ = {isa = PBXBuildFile; fileRef = EB50616A1FAF0F6400C620F2 /* norm.inl */; };
		EB5061F11FAF0F6400C620F2 /* normal.inl in Resources */ = {isa = PBXBuildFile; fileRef = EB50616C1FAF0F6400C620F2 /* normal.inl */; };
		EB5061F21FAF0F6400C620F2 /* normalize_dot.inl in Resources */ = {isa = PBXBuildFile; fileRef = EB50616E1FAF0F6400C620F2 /* normalize_dot.inl */; };
		EB5061F31FAF0F6400C620F2 /* number_precision.inl in Resources */ = {isa = PBXBuildFile; fileRef = EB5061701FAF0F6400C620F2 /* number_precision.inl */; };
		EB5061F41FAF0F6400C620F2 /* ocl_type.inl in Resources */ = {isa = PBXBuildFile; fileRef = EB5061721FAF0F6400C620F2 /* ocl_type.inl */; };
		EB5061F51FAF0F6400C620F2 /* optimum_pow.inl in Resources */ = {isa = PBXBuildFile; fileRef = EB5061741FAF0F6400C620F2 /* optimum_pow.inl */; };
		EB5061F61FAF0F6400C620F2 /* orthonormalize.inl in Resources */ = {isa = PBXBuildFile; fileRef = EB5061761FAF0F6400C620F2 /* orthonormalize.inl */; };
		EB5061F71FAF0F6400C620F2 /* perpendicular.inl in Resources */ = {isa = PBXBuildFile; fileRef = EB5061781FAF0F6400C620F2 /* perpendicular.inl */; };
		EB5061F81FAF0F6400C620F2 /* polar_coordinates.inl in Resources */ = {isa = PBXBuildFile; fileRef = EB50617A1FAF0F6400C620F2 /* polar_coordinates.inl */; };
		EB5061F91FAF0F6400C620F2 /* projection.inl in Resources */ = {isa = PBXBuildFile; fileRef = EB50617C1FAF0F6400C620F2 /* projection.inl */; };
		EB5061FA1FAF0F6400C620F2 /* quaternion.inl in Resources */ = {isa = PBXBuildFile; fileRef = EB50617E1FAF0F6400C620F2 /* quaternion.inl */; };
		EB5061FB1FAF0F6400C620F2 /* raw_data.inl in Resources */ = {isa = PBXBuildFile; fileRef = EB5061811FAF0F6400C620F2 /* raw_data.inl */; };
		EB5061FC1FAF0F6400C620F2 /* rotate_vector.inl in Resources */ = {isa = PBXBuildFile; fileRef = EB5061841FAF0F6400C620F2 /* rotate_vector.inl */; };
		EB5061FD1FAF0F6400C620F2 /* simd_mat4.inl in Resources */ = {isa = PBXBuildFile; fileRef = EB5061861FAF0F6400C620F2 /* simd_mat4.inl */; };
		EB5061FE1FAF0F6400C620F2 /* simd_vec4.inl in Resources */ = {isa = PBXBuildFile; fileRef = EB5061881FAF0F6400C620F2 /* simd_vec4.inl */; };
		EB5061FF1FAF0F6400C620F2 /* spline.inl in Resources */ = {isa = PBXBuildFile; fileRef = EB50618A1FAF0F6400C620F2 /* spline.inl */; };
		EB5062001FAF0F6400C620F2 /* std_based_type.inl in Resources */ = {isa = PBXBuildFile; fileRef = EB50618C1FAF0F6400C620F2 /* std_based_type.inl */; };
		EB5062011FAF0F6400C620F2 /* string_cast.inl in Resources */ = {isa = PBXBuildFile; fileRef = EB50618E1FAF0F6400C620F2 /* string_cast.inl */; };
		EB5062021FAF0F6400C620F2 /* transform.inl in Resources */ = {isa = PBXBuildFile; fileRef = EB5061901FAF0F6400C620F2 /* transform.inl */; };
		EB5062031FAF0F6400C620F2 /* transform2.inl in Resources */ = {isa = PBXBuildFile; fileRef = EB5061921FAF0F6400C620F2 /* transform2.inl */; };
		EB5062041FAF0F6400C620F2 /* unsigned_int.inl in Resources */ = {isa = PBXBuildFile; fileRef = EB5061951FAF0F6400C620F2 /* unsigned_int.inl */; };
		EB5062051FAF0F6400C620F2 /* vec1.inl in Resources */ = {isa = PBXBuildFile; fileRef = EB5061971FAF0F6400C620F2 /* vec1.inl */; };
		EB5062061FAF0F6400C620F2 /* vector_access.inl in Resources */ = {isa = PBXBuildFile; fileRef = EB5061991FAF0F6400C620F2 /* vector_access.inl */; };
		EB5062071FAF0F6400C620F2 /* vector_angle.inl in Resources */ = {isa = PBXBuildFile; fileRef = EB50619B1FAF0F6400C620F2 /* vector_angle.inl */; };
		EB5062081FAF0F6400C620F2 /* vector_query.inl in Resources */ = {isa = PBXBuildFile; fileRef = EB50619D1FAF0F6400C620F2 /* vector_query.inl */; };
		EB5062091FAF0F6400C620F2 /* verbose_operator.inl in Resources */ = {isa = PBXBuildFile; fileRef = EB50619F1FAF0F6400C620F2 /* verbose_operator.inl */; };
		EB50620A1FAF0F6400C620F2 /* wrap.inl in Resources */ = {isa = PBXBuildFile; fileRef = EB5061A11FAF0F6400C620F2 /* wrap.inl */; };
/* End PBXBuildFile section */

/* Begin PBXFileReference section */
		EB5060971FAD95FA00C620F2 /* OpenGLES-坐标系统.app */ = {isa = PBXFileReference; explicitFileType = wrapper.application; includeInIndex = 0; path = "OpenGLES-坐标系统.app"; sourceTree = BUILT_PRODUCTS_DIR; };
		EB50609A1FAD95FA00C620F2 /* AppDelegate.h */ = {isa = PBXFileReference; lastKnownFileType = sourcecode.c.h; path = AppDelegate.h; sourceTree = "<group>"; };
		EB50609B1FAD95FA00C620F2 /* AppDelegate.m */ = {isa = PBXFileReference; lastKnownFileType = sourcecode.c.objc; path = AppDelegate.m; sourceTree = "<group>"; };
		EB50609D1FAD95FA00C620F2 /* ViewController.h */ = {isa = PBXFileReference; lastKnownFileType = sourcecode.c.h; path = ViewController.h; sourceTree = "<group>"; };
		EB50609E1FAD95FA00C620F2 /* ViewController.m */ = {isa = PBXFileReference; lastKnownFileType = sourcecode.c.objc; path = ViewController.m; sourceTree = "<group>"; };
		EB5060A11FAD95FA00C620F2 /* Base */ = {isa = PBXFileReference; lastKnownFileType = file.storyboard; name = Base; path = Base.lproj/Main.storyboard; sourceTree = "<group>"; };
		EB5060A31FAD95FA00C620F2 /* Assets.xcassets */ = {isa = PBXFileReference; lastKnownFileType = folder.assetcatalog; path = Assets.xcassets; sourceTree = "<group>"; };
		EB5060A61FAD95FA00C620F2 /* Base */ = {isa = PBXFileReference; lastKnownFileType = file.storyboard; name = Base; path = Base.lproj/LaunchScreen.storyboard; sourceTree = "<group>"; };
		EB5060A81FAD95FA00C620F2 /* Info.plist */ = {isa = PBXFileReference; lastKnownFileType = text.plist.xml; path = Info.plist; sourceTree = "<group>"; };
		EB5060A91FAD95FA00C620F2 /* main.m */ = {isa = PBXFileReference; lastKnownFileType = sourcecode.c.objc; path = main.m; sourceTree = "<group>"; };
		EB5060B01FAD961A00C620F2 /* fragment.fsh */ = {isa = PBXFileReference; fileEncoding = 4; lastKnownFileType = sourcecode.glsl; path = fragment.fsh; sourceTree = "<group>"; };
		EB5060B11FAD961A00C620F2 /* vertex.vsh */ = {isa = PBXFileReference; fileEncoding = 4; lastKnownFileType = sourcecode.glsl; path = vertex.vsh; sourceTree = "<group>"; };
		EB5060B21FAD961A00C620F2 /* MTGLProgram.c */ = {isa = PBXFileReference; fileEncoding = 4; lastKnownFileType = sourcecode.c.c; path = MTGLProgram.c; sourceTree = "<group>"; };
		EB5060B31FAD961A00C620F2 /* Logo.png */ = {isa = PBXFileReference; lastKnownFileType = image.png; path = Logo.png; sourceTree = "<group>"; };
		EB5060B41FAD961A00C620F2 /* MTGLProgram.h */ = {isa = PBXFileReference; fileEncoding = 4; lastKnownFileType = sourcecode.c.h; path = MTGLProgram.h; sourceTree = "<group>"; };
		EB5060B51FAD961B00C620F2 /* MTEAGLView.mm */ = {isa = PBXFileReference; fileEncoding = 4; lastKnownFileType = sourcecode.cpp.objcpp; path = MTEAGLView.mm; sourceTree = "<group>"; };
		EB5060B61FAD961B00C620F2 /* MTEAGLView.h */ = {isa = PBXFileReference; fileEncoding = 4; lastKnownFileType = sourcecode.c.h; path = MTEAGLView.h; sourceTree = "<group>"; };
		EB5060BC1FAD988700C620F2 /* Timg.jpeg */ = {isa = PBXFileReference; lastKnownFileType = image.jpeg; path = Timg.jpeg; sourceTree = "<group>"; };
		EB5060BF1FAF0F6400C620F2 /* CMakeLists.txt */ = {isa = PBXFileReference; fileEncoding = 4; lastKnownFileType = text; path = CMakeLists.txt; sourceTree = "<group>"; };
		EB5060C11FAF0F6400C620F2 /* _detail.hpp */ = {isa = PBXFileReference; fileEncoding = 4; lastKnownFileType = sourcecode.cpp.h; path = _detail.hpp; sourceTree = "<group>"; };
		EB5060C21FAF0F6400C620F2 /* _fixes.hpp */ = {isa = PBXFileReference; fileEncoding = 4; lastKnownFileType = sourcecode.cpp.h; path = _fixes.hpp; sourceTree = "<group>"; };
		EB5060C31FAF0F6400C620F2 /* _swizzle.hpp */ = {isa = PBXFileReference; fileEncoding = 4; lastKnownFileType = sourcecode.cpp.h; path = _swizzle.hpp; sourceTree = "<group>"; };
		EB5060C41FAF0F6400C620F2 /* _swizzle_func.hpp */ = {isa = PBXFileReference; fileEncoding = 4; lastKnownFileType = sourcecode.cpp.h; path = _swizzle_func.hpp; sourceTree = "<group>"; };
		EB5060C51FAF0F6400C620F2 /* _vectorize.hpp */ = {isa = PBXFileReference; fileEncoding = 4; lastKnownFileType = sourcecode.cpp.h; path = _vectorize.hpp; sourceTree = "<group>"; };
		EB5060C61FAF0F6400C620F2 /* dummy.cpp */ = {isa = PBXFileReference; fileEncoding = 4; lastKnownFileType = sourcecode.cpp.cpp; path = dummy.cpp; sourceTree = "<group>"; };
		EB5060C71FAF0F6400C620F2 /* func_common.hpp */ = {isa = PBXFileReference; fileEncoding = 4; lastKnownFileType = sourcecode.cpp.h; path = func_common.hpp; sourceTree = "<group>"; };
		EB5060C81FAF0F6400C620F2 /* func_common.inl */ = {isa = PBXFileReference; fileEncoding = 4; lastKnownFileType = text; path = func_common.inl; sourceTree = "<group>"; };
		EB5060C91FAF0F6400C620F2 /* func_exponential.hpp */ = {isa = PBXFileReference; fileEncoding = 4; lastKnownFileType = sourcecode.cpp.h; path = func_exponential.hpp; sourceTree = "<group>"; };
		EB5060CA1FAF0F6400C620F2 /* func_exponential.inl */ = {isa = PBXFileReference; fileEncoding = 4; lastKnownFileType = text; path = func_exponential.inl; sourceTree = "<group>"; };
		EB5060CB1FAF0F6400C620F2 /* func_geometric.hpp */ = {isa = PBXFileReference; fileEncoding = 4; lastKnownFileType = sourcecode.cpp.h; path = func_geometric.hpp; sourceTree = "<group>"; };
		EB5060CC1FAF0F6400C620F2 /* func_geometric.inl */ = {isa = PBXFileReference; fileEncoding = 4; lastKnownFileType = text; path = func_geometric.inl; sourceTree = "<group>"; };
		EB5060CD1FAF0F6400C620F2 /* func_integer.hpp */ = {isa = PBXFileReference; fileEncoding = 4; lastKnownFileType = sourcecode.cpp.h; path = func_integer.hpp; sourceTree = "<group>"; };
		EB5060CE1FAF0F6400C620F2 /* func_integer.inl */ = {isa = PBXFileReference; fileEncoding = 4; lastKnownFileType = text; path = func_integer.inl; sourceTree = "<group>"; };
		EB5060CF1FAF0F6400C620F2 /* func_matrix.hpp */ = {isa = PBXFileReference; fileEncoding = 4; lastKnownFileType = sourcecode.cpp.h; path = func_matrix.hpp; sourceTree = "<group>"; };
		EB5060D01FAF0F6400C620F2 /* func_matrix.inl */ = {isa = PBXFileReference; fileEncoding = 4; lastKnownFileType = text; path = func_matrix.inl; sourceTree = "<group>"; };
		EB5060D11FAF0F6400C620F2 /* func_noise.hpp */ = {isa = PBXFileReference; fileEncoding = 4; lastKnownFileType = sourcecode.cpp.h; path = func_noise.hpp; sourceTree = "<group>"; };
		EB5060D21FAF0F6400C620F2 /* func_noise.inl */ = {isa = PBXFileReference; fileEncoding = 4; lastKnownFileType = text; path = func_noise.inl; sourceTree = "<group>"; };
		EB5060D31FAF0F6400C620F2 /* func_packing.hpp */ = {isa = PBXFileReference; fileEncoding = 4; lastKnownFileType = sourcecode.cpp.h; path = func_packing.hpp; sourceTree = "<group>"; };
		EB5060D41FAF0F6400C620F2 /* func_packing.inl */ = {isa = PBXFileReference; fileEncoding = 4; lastKnownFileType = text; path = func_packing.inl; sourceTree = "<group>"; };
		EB5060D51FAF0F6400C620F2 /* func_trigonometric.hpp */ = {isa = PBXFileReference; fileEncoding = 4; lastKnownFileType = sourcecode.cpp.h; path = func_trigonometric.hpp; sourceTree = "<group>"; };
		EB5060D61FAF0F6400C620F2 /* func_trigonometric.inl */ = {isa = PBXFileReference; fileEncoding = 4; lastKnownFileType = text; path = func_trigonometric.inl; sourceTree = "<group>"; };
		EB5060D71FAF0F6400C620F2 /* func_vector_relational.hpp */ = {isa = PBXFileReference; fileEncoding = 4; lastKnownFileType = sourcecode.cpp.h; path = func_vector_relational.hpp; sourceTree = "<group>"; };
		EB5060D81FAF0F6400C620F2 /* func_vector_relational.inl */ = {isa = PBXFileReference; fileEncoding = 4; lastKnownFileType = text; path = func_vector_relational.inl; sourceTree = "<group>"; };
		EB5060D91FAF0F6400C620F2 /* hint.hpp */ = {isa = PBXFileReference; fileEncoding = 4; lastKnownFileType = sourcecode.cpp.h; path = hint.hpp; sourceTree = "<group>"; };
		EB5060DA1FAF0F6400C620F2 /* intrinsic_common.hpp */ = {isa = PBXFileReference; fileEncoding = 4; lastKnownFileType = sourcecode.cpp.h; path = intrinsic_common.hpp; sourceTree = "<group>"; };
		EB5060DB1FAF0F6400C620F2 /* intrinsic_common.inl */ = {isa = PBXFileReference; fileEncoding = 4; lastKnownFileType = text; path = intrinsic_common.inl; sourceTree = "<group>"; };
		EB5060DC1FAF0F6400C620F2 /* intrinsic_exponential.hpp */ = {isa = PBXFileReference; fileEncoding = 4; lastKnownFileType = sourcecode.cpp.h; path = intrinsic_exponential.hpp; sourceTree = "<group>"; };
		EB5060DD1FAF0F6400C620F2 /* intrinsic_exponential.inl */ = {isa = PBXFileReference; fileEncoding = 4; lastKnownFileType = text; path = intrinsic_exponential.inl; sourceTree = "<group>"; };
		EB5060DE1FAF0F6400C620F2 /* intrinsic_geometric.hpp */ = {isa = PBXFileReference; fileEncoding = 4; lastKnownFileType = sourcecode.cpp.h; path = intrinsic_geometric.hpp; sourceTree = "<group>"; };
		EB5060DF1FAF0F6400C620F2 /* intrinsic_geometric.inl */ = {isa = PBXFileReference; fileEncoding = 4; lastKnownFileType = text; path = intrinsic_geometric.inl; sourceTree = "<group>"; };
		EB5060E01FAF0F6400C620F2 /* intrinsic_matrix.hpp */ = {isa = PBXFileReference; fileEncoding = 4; lastKnownFileType = sourcecode.cpp.h; path = intrinsic_matrix.hpp; sourceTree = "<group>"; };
		EB5060E11FAF0F6400C620F2 /* intrinsic_matrix.inl */ = {isa = PBXFileReference; fileEncoding = 4; lastKnownFileType = text; path = intrinsic_matrix.inl; sourceTree = "<group>"; };
		EB5060E21FAF0F6400C620F2 /* intrinsic_trigonometric.hpp */ = {isa = PBXFileReference; fileEncoding = 4; lastKnownFileType = sourcecode.cpp.h; path = intrinsic_trigonometric.hpp; sourceTree = "<group>"; };
		EB5060E31FAF0F6400C620F2 /* intrinsic_trigonometric.inl */ = {isa = PBXFileReference; fileEncoding = 4; lastKnownFileType = text; path = intrinsic_trigonometric.inl; sourceTree = "<group>"; };
		EB5060E41FAF0F6400C620F2 /* intrinsic_vector_relational.hpp */ = {isa = PBXFileReference; fileEncoding = 4; lastKnownFileType = sourcecode.cpp.h; path = intrinsic_vector_relational.hpp; sourceTree = "<group>"; };
		EB5060E51FAF0F6400C620F2 /* intrinsic_vector_relational.inl */ = {isa = PBXFileReference; fileEncoding = 4; lastKnownFileType = text; path = intrinsic_vector_relational.inl; sourceTree = "<group>"; };
		EB5060E61FAF0F6400C620F2 /* setup.hpp */ = {isa = PBXFileReference; fileEncoding = 4; lastKnownFileType = sourcecode.cpp.h; path = setup.hpp; sourceTree = "<group>"; };
		EB5060E71FAF0F6400C620F2 /* type.hpp */ = {isa = PBXFileReference; fileEncoding = 4; lastKnownFileType = sourcecode.cpp.h; path = type.hpp; sourceTree = "<group>"; };
		EB5060E81FAF0F6400C620F2 /* type_float.hpp */ = {isa = PBXFileReference; fileEncoding = 4; lastKnownFileType = sourcecode.cpp.h; path = type_float.hpp; sourceTree = "<group>"; };
		EB5060E91FAF0F6400C620F2 /* type_gentype.hpp */ = {isa = PBXFileReference; fileEncoding = 4; lastKnownFileType = sourcecode.cpp.h; path = type_gentype.hpp; sourceTree = "<group>"; };
		EB5060EA1FAF0F6400C620F2 /* type_gentype.inl */ = {isa = PBXFileReference; fileEncoding = 4; lastKnownFileType = text; path = type_gentype.inl; sourceTree = "<group>"; };
		EB5060EB1FAF0F6400C620F2 /* type_half.hpp */ = {isa = PBXFileReference; fileEncoding = 4; lastKnownFileType = sourcecode.cpp.h; path = type_half.hpp; sourceTree = "<group>"; };
		EB5060EC1FAF0F6400C620F2 /* type_half.inl */ = {isa = PBXFileReference; fileEncoding = 4; lastKnownFileType = text; path = type_half.inl; sourceTree = "<group>"; };
		EB5060ED1FAF0F6400C620F2 /* type_int.hpp */ = {isa = PBXFileReference; fileEncoding = 4; lastKnownFileType = sourcecode.cpp.h; path = type_int.hpp; sourceTree = "<group>"; };
		EB5060EE1FAF0F6400C620F2 /* type_mat.hpp */ = {isa = PBXFileReference; fileEncoding = 4; lastKnownFileType = sourcecode.cpp.h; path = type_mat.hpp; sourceTree = "<group>"; };
		EB5060EF1FAF0F6400C620F2 /* type_mat.inl */ = {isa = PBXFileReference; fileEncoding = 4; lastKnownFileType = text; path = type_mat.inl; sourceTree = "<group>"; };
		EB5060F01FAF0F6400C620F2 /* type_mat2x2.hpp */ = {isa = PBXFileReference; fileEncoding = 4; lastKnownFileType = sourcecode.cpp.h; path = type_mat2x2.hpp; sourceTree = "<group>"; };
		EB5060F11FAF0F6400C620F2 /* type_mat2x2.inl */ = {isa = PBXFileReference; fileEncoding = 4; lastKnownFileType = text; path = type_mat2x2.inl; sourceTree = "<group>"; };
		EB5060F21FAF0F6400C620F2 /* type_mat2x3.hpp */ = {isa = PBXFileReference; fileEncoding = 4; lastKnownFileType = sourcecode.cpp.h; path = type_mat2x3.hpp; sourceTree = "<group>"; };
		EB5060F31FAF0F6400C620F2 /* type_mat2x3.inl */ = {isa = PBXFileReference; fileEncoding = 4; lastKnownFileType = text; path = type_mat2x3.inl; sourceTree = "<group>"; };
		EB5060F41FAF0F6400C620F2 /* type_mat2x4.hpp */ = {isa = PBXFileReference; fileEncoding = 4; lastKnownFileType = sourcecode.cpp.h; path = type_mat2x4.hpp; sourceTree = "<group>"; };
		EB5060F51FAF0F6400C620F2 /* type_mat2x4.inl */ = {isa = PBXFileReference; fileEncoding = 4; lastKnownFileType = text; path = type_mat2x4.inl; sourceTree = "<group>"; };
		EB5060F61FAF0F6400C620F2 /* type_mat3x2.hpp */ = {isa = PBXFileReference; fileEncoding = 4; lastKnownFileType = sourcecode.cpp.h; path = type_mat3x2.hpp; sourceTree = "<group>"; };
		EB5060F71FAF0F6400C620F2 /* type_mat3x2.inl */ = {isa = PBXFileReference; fileEncoding = 4; lastKnownFileType = text; path = type_mat3x2.inl; sourceTree = "<group>"; };
		EB5060F81FAF0F6400C620F2 /* type_mat3x3.hpp */ = {isa = PBXFileReference; fileEncoding = 4; lastKnownFileType = sourcecode.cpp.h; path = type_mat3x3.hpp; sourceTree = "<group>"; };
		EB5060F91FAF0F6400C620F2 /* type_mat3x3.inl */ = {isa = PBXFileReference; fileEncoding = 4; lastKnownFileType = text; path = type_mat3x3.inl; sourceTree = "<group>"; };
		EB5060FA1FAF0F6400C620F2 /* type_mat3x4.hpp */ = {isa = PBXFileReference; fileEncoding = 4; lastKnownFileType = sourcecode.cpp.h; path = type_mat3x4.hpp; sourceTree = "<group>"; };
		EB5060FB1FAF0F6400C620F2 /* type_mat3x4.inl */ = {isa = PBXFileReference; fileEncoding = 4; lastKnownFileType = text; path = type_mat3x4.inl; sourceTree = "<group>"; };
		EB5060FC1FAF0F6400C620F2 /* type_mat4x2.hpp */ = {isa = PBXFileReference; fileEncoding = 4; lastKnownFileType = sourcecode.cpp.h; path = type_mat4x2.hpp; sourceTree = "<group>"; };
		EB5060FD1FAF0F6400C620F2 /* type_mat4x2.inl */ = {isa = PBXFileReference; fileEncoding = 4; lastKnownFileType = text; path = type_mat4x2.inl; sourceTree = "<group>"; };
		EB5060FE1FAF0F6400C620F2 /* type_mat4x3.hpp */ = {isa = PBXFileReference; fileEncoding = 4; lastKnownFileType = sourcecode.cpp.h; path = type_mat4x3.hpp; sourceTree = "<group>"; };
		EB5060FF1FAF0F6400C620F2 /* type_mat4x3.inl */ = {isa = PBXFileReference; fileEncoding = 4; lastKnownFileType = text; path = type_mat4x3.inl; sourceTree = "<group>"; };
		EB5061001FAF0F6400C620F2 /* type_mat4x4.hpp */ = {isa = PBXFileReference; fileEncoding = 4; lastKnownFileType = sourcecode.cpp.h; path = type_mat4x4.hpp; sourceTree = "<group>"; };
		EB5061011FAF0F6400C620F2 /* type_mat4x4.inl */ = {isa = PBXFileReference; fileEncoding = 4; lastKnownFileType = text; path = type_mat4x4.inl; sourceTree = "<group>"; };
		EB5061021FAF0F6400C620F2 /* type_size.hpp */ = {isa = PBXFileReference; fileEncoding = 4; lastKnownFileType = sourcecode.cpp.h; path = type_size.hpp; sourceTree = "<group>"; };
		EB5061031FAF0F6400C620F2 /* type_vec.hpp */ = {isa = PBXFileReference; fileEncoding = 4; lastKnownFileType = sourcecode.cpp.h; path = type_vec.hpp; sourceTree = "<group>"; };
		EB5061041FAF0F6400C620F2 /* type_vec.inl */ = {isa = PBXFileReference; fileEncoding = 4; lastKnownFileType = text; path = type_vec.inl; sourceTree = "<group>"; };
		EB5061051FAF0F6400C620F2 /* type_vec1.hpp */ = {isa = PBXFileReference; fileEncoding = 4; lastKnownFileType = sourcecode.cpp.h; path = type_vec1.hpp; sourceTree = "<group>"; };
		EB5061061FAF0F6400C620F2 /* type_vec1.inl */ = {isa = PBXFileReference; fileEncoding = 4; lastKnownFileType = text; path = type_vec1.inl; sourceTree = "<group>"; };
		EB5061071FAF0F6400C620F2 /* type_vec2.hpp */ = {isa = PBXFileReference; fileEncoding = 4; lastKnownFileType = sourcecode.cpp.h; path = type_vec2.hpp; sourceTree = "<group>"; };
		EB5061081FAF0F6400C620F2 /* type_vec2.inl */ = {isa = PBXFileReference; fileEncoding = 4; lastKnownFileType = text; path = type_vec2.inl; sourceTree = "<group>"; };
		EB5061091FAF0F6400C620F2 /* type_vec3.hpp */ = {isa = PBXFileReference; fileEncoding = 4; lastKnownFileType = sourcecode.cpp.h; path = type_vec3.hpp; sourceTree = "<group>"; };
		EB50610A1FAF0F6400C620F2 /* type_vec3.inl */ = {isa = PBXFileReference; fileEncoding = 4; lastKnownFileType = text; path = type_vec3.inl; sourceTree = "<group>"; };
		EB50610B1FAF0F6400C620F2 /* type_vec4.hpp */ = {isa = PBXFileReference; fileEncoding = 4; lastKnownFileType = sourcecode.cpp.h; path = type_vec4.hpp; sourceTree = "<group>"; };
		EB50610C1FAF0F6400C620F2 /* type_vec4.inl */ = {isa = PBXFileReference; fileEncoding = 4; lastKnownFileType = text; path = type_vec4.inl; sourceTree = "<group>"; };
		EB50610D1FAF0F6400C620F2 /* ext.hpp */ = {isa = PBXFileReference; fileEncoding = 4; lastKnownFileType = sourcecode.cpp.h; path = ext.hpp; sourceTree = "<group>"; };
		EB50610E1FAF0F6400C620F2 /* glm.hpp */ = {isa = PBXFileReference; fileEncoding = 4; lastKnownFileType = sourcecode.cpp.h; path = glm.hpp; sourceTree = "<group>"; };
		EB5061101FAF0F6400C620F2 /* constants.hpp */ = {isa = PBXFileReference; fileEncoding = 4; lastKnownFileType = sourcecode.cpp.h; path = constants.hpp; sourceTree = "<group>"; };
		EB5061111FAF0F6400C620F2 /* constants.inl */ = {isa = PBXFileReference; fileEncoding = 4; lastKnownFileType = text; path = constants.inl; sourceTree = "<group>"; };
		EB5061121FAF0F6400C620F2 /* epsilon.hpp */ = {isa = PBXFileReference; fileEncoding = 4; lastKnownFileType = sourcecode.cpp.h; path = epsilon.hpp; sourceTree = "<group>"; };
		EB5061131FAF0F6400C620F2 /* epsilon.inl */ = {isa = PBXFileReference; fileEncoding = 4; lastKnownFileType = text; path = epsilon.inl; sourceTree = "<group>"; };
		EB5061141FAF0F6400C620F2 /* half_float.hpp */ = {isa = PBXFileReference; fileEncoding = 4; lastKnownFileType = sourcecode.cpp.h; path = half_float.hpp; sourceTree = "<group>"; };
		EB5061151FAF0F6400C620F2 /* half_float.inl */ = {isa = PBXFileReference; fileEncoding = 4; lastKnownFileType = text; path = half_float.inl; sourceTree = "<group>"; };
		EB5061161FAF0F6400C620F2 /* matrix_access.hpp */ = {isa = PBXFileReference; fileEncoding = 4; lastKnownFileType = sourcecode.cpp.h; path = matrix_access.hpp; sourceTree = "<group>"; };
		EB5061171FAF0F6400C620F2 /* matrix_access.inl */ = {isa = PBXFileReference; fileEncoding = 4; lastKnownFileType = text; path = matrix_access.inl; sourceTree = "<group>"; };
		EB5061181FAF0F6400C620F2 /* matrix_integer.hpp */ = {isa = PBXFileReference; fileEncoding = 4; lastKnownFileType = sourcecode.cpp.h; path = matrix_integer.hpp; sourceTree = "<group>"; };
		EB5061191FAF0F6400C620F2 /* matrix_inverse.hpp */ = {isa = PBXFileReference; fileEncoding = 4; lastKnownFileType = sourcecode.cpp.h; path = matrix_inverse.hpp; sourceTree = "<group>"; };
		EB50611A1FAF0F6400C620F2 /* matrix_inverse.inl */ = {isa = PBXFileReference; fileEncoding = 4; lastKnownFileType = text; path = matrix_inverse.inl; sourceTree = "<group>"; };
		EB50611B1FAF0F6400C620F2 /* matrix_transform.hpp */ = {isa = PBXFileReference; fileEncoding = 4; lastKnownFileType = sourcecode.cpp.h; path = matrix_transform.hpp; sourceTree = "<group>"; };
		EB50611C1FAF0F6400C620F2 /* matrix_transform.inl */ = {isa = PBXFileReference; fileEncoding = 4; lastKnownFileType = text; path = matrix_transform.inl; sourceTree = "<group>"; };
		EB50611D1FAF0F6400C620F2 /* noise.hpp */ = {isa = PBXFileReference; fileEncoding = 4; lastKnownFileType = sourcecode.cpp.h; path = noise.hpp; sourceTree = "<group>"; };
		EB50611E1FAF0F6400C620F2 /* noise.inl */ = {isa = PBXFileReference; fileEncoding = 4; lastKnownFileType = text; path = noise.inl; sourceTree = "<group>"; };
		EB50611F1FAF0F6400C620F2 /* quaternion.hpp */ = {isa = PBXFileReference; fileEncoding = 4; lastKnownFileType = sourcecode.cpp.h; path = quaternion.hpp; sourceTree = "<group>"; };
		EB5061201FAF0F6400C620F2 /* quaternion.inl */ = {isa = PBXFileReference; fileEncoding = 4; lastKnownFileType = text; path = quaternion.inl; sourceTree = "<group>"; };
		EB5061211FAF0F6400C620F2 /* random.hpp */ = {isa = PBXFileReference; fileEncoding = 4; lastKnownFileType = sourcecode.cpp.h; path = random.hpp; sourceTree = "<group>"; };
		EB5061221FAF0F6400C620F2 /* random.inl */ = {isa = PBXFileReference; fileEncoding = 4; lastKnownFileType = text; path = random.inl; sourceTree = "<group>"; };
		EB5061231FAF0F6400C620F2 /* reciprocal.hpp */ = {isa = PBXFileReference; fileEncoding = 4; lastKnownFileType = sourcecode.cpp.h; path = reciprocal.hpp; sourceTree = "<group>"; };
		EB5061241FAF0F6400C620F2 /* reciprocal.inl */ = {isa = PBXFileReference; fileEncoding = 4; lastKnownFileType = text; path = reciprocal.inl; sourceTree = "<group>"; };
		EB5061251FAF0F6400C620F2 /* swizzle.hpp */ = {isa = PBXFileReference; fileEncoding = 4; lastKnownFileType = sourcecode.cpp.h; path = swizzle.hpp; sourceTree = "<group>"; };
		EB5061261FAF0F6400C620F2 /* swizzle.inl */ = {isa = PBXFileReference; fileEncoding = 4; lastKnownFileType = text; path = swizzle.inl; sourceTree = "<group>"; };
		EB5061271FAF0F6400C620F2 /* type_precision.hpp */ = {isa = PBXFileReference; fileEncoding = 4; lastKnownFileType = sourcecode.cpp.h; path = type_precision.hpp; sourceTree = "<group>"; };
		EB5061281FAF0F6400C620F2 /* type_precision.inl */ = {isa = PBXFileReference; fileEncoding = 4; lastKnownFileType = text; path = type_precision.inl; sourceTree = "<group>"; };
		EB5061291FAF0F6400C620F2 /* type_ptr.hpp */ = {isa = PBXFileReference; fileEncoding = 4; lastKnownFileType = sourcecode.cpp.h; path = type_ptr.hpp; sourceTree = "<group>"; };
		EB50612A1FAF0F6400C620F2 /* type_ptr.inl */ = {isa = PBXFileReference; fileEncoding = 4; lastKnownFileType = text; path = type_ptr.inl; sourceTree = "<group>"; };
		EB50612B1FAF0F6400C620F2 /* ulp.hpp */ = {isa = PBXFileReference; fileEncoding = 4; lastKnownFileType = sourcecode.cpp.h; path = ulp.hpp; sourceTree = "<group>"; };
		EB50612C1FAF0F6400C620F2 /* ulp.inl */ = {isa = PBXFileReference; fileEncoding = 4; lastKnownFileType = text; path = ulp.inl; sourceTree = "<group>"; };
		EB50612E1FAF0F6400C620F2 /* associated_min_max.hpp */ = {isa = PBXFileReference; fileEncoding = 4; lastKnownFileType = sourcecode.cpp.h; path = associated_min_max.hpp; sourceTree = "<group>"; };
		EB50612F1FAF0F6400C620F2 /* associated_min_max.inl */ = {isa = PBXFileReference; fileEncoding = 4; lastKnownFileType = text; path = associated_min_max.inl; sourceTree = "<group>"; };
		EB5061301FAF0F6400C620F2 /* bit.hpp */ = {isa = PBXFileReference; fileEncoding = 4; lastKnownFileType = sourcecode.cpp.h; path = bit.hpp; sourceTree = "<group>"; };
		EB5061311FAF0F6400C620F2 /* bit.inl */ = {isa = PBXFileReference; fileEncoding = 4; lastKnownFileType = text; path = bit.inl; sourceTree = "<group>"; };
		EB5061321FAF0F6400C620F2 /* closest_point.hpp */ = {isa = PBXFileReference; fileEncoding = 4; lastKnownFileType = sourcecode.cpp.h; path = closest_point.hpp; sourceTree = "<group>"; };
		EB5061331FAF0F6400C620F2 /* closest_point.inl */ = {isa = PBXFileReference; fileEncoding = 4; lastKnownFileType = text; path = closest_point.inl; sourceTree = "<group>"; };
		EB5061341FAF0F6400C620F2 /* color_cast.hpp */ = {isa = PBXFileReference; fileEncoding = 4; lastKnownFileType = sourcecode.cpp.h; path = color_cast.hpp; sourceTree = "<group>"; };
		EB5061351FAF0F6400C620F2 /* color_cast.inl */ = {isa = PBXFileReference; fileEncoding = 4; lastKnownFileType = text; path = color_cast.inl; sourceTree = "<group>"; };
		EB5061361FAF0F6400C620F2 /* color_space.hpp */ = {isa = PBXFileReference; fileEncoding = 4; lastKnownFileType = sourcecode.cpp.h; path = color_space.hpp; sourceTree = "<group>"; };
		EB5061371FAF0F6400C620F2 /* color_space.inl */ = {isa = PBXFileReference; fileEncoding = 4; lastKnownFileType = text; path = color_space.inl; sourceTree = "<group>"; };
		EB5061381FAF0F6400C620F2 /* color_space_YCoCg.hpp */ = {isa = PBXFileReference; fileEncoding = 4; lastKnownFileType = sourcecode.cpp.h; path = color_space_YCoCg.hpp; sourceTree = "<group>"; };
		EB5061391FAF0F6400C620F2 /* color_space_YCoCg.inl */ = {isa = PBXFileReference; fileEncoding = 4; lastKnownFileType = text; path = color_space_YCoCg.inl; sourceTree = "<group>"; };
		EB50613A1FAF0F6400C620F2 /* compatibility.hpp */ = {isa = PBXFileReference; fileEncoding = 4; lastKnownFileType = sourcecode.cpp.h; path = compatibility.hpp; sourceTree = "<group>"; };
		EB50613B1FAF0F6400C620F2 /* compatibility.inl */ = {isa = PBXFileReference; fileEncoding = 4; lastKnownFileType = text; path = compatibility.inl; sourceTree = "<group>"; };
		EB50613C1FAF0F6400C620F2 /* component_wise.hpp */ = {isa = PBXFileReference; fileEncoding = 4; lastKnownFileType = sourcecode.cpp.h; path = component_wise.hpp; sourceTree = "<group>"; };
		EB50613D1FAF0F6400C620F2 /* component_wise.inl */ = {isa = PBXFileReference; fileEncoding = 4; lastKnownFileType = text; path = component_wise.inl; sourceTree = "<group>"; };
		EB50613E1FAF0F6400C620F2 /* constants.hpp */ = {isa = PBXFileReference; fileEncoding = 4; lastKnownFileType = sourcecode.cpp.h; path = constants.hpp; sourceTree = "<group>"; };
		EB50613F1FAF0F6400C620F2 /* epsilon.hpp */ = {isa = PBXFileReference; fileEncoding = 4; lastKnownFileType = sourcecode.cpp.h; path = epsilon.hpp; sourceTree = "<group>"; };
		EB5061401FAF0F6400C620F2 /* euler_angles.hpp */ = {isa = PBXFileReference; fileEncoding = 4; lastKnownFileType = sourcecode.cpp.h; path = euler_angles.hpp; sourceTree = "<group>"; };
		EB5061411FAF0F6400C620F2 /* euler_angles.inl */ = {isa = PBXFileReference; fileEncoding = 4; lastKnownFileType = text; path = euler_angles.inl; sourceTree = "<group>"; };
		EB5061421FAF0F6400C620F2 /* extend.hpp */ = {isa = PBXFileReference; fileEncoding = 4; lastKnownFileType = sourcecode.cpp.h; path = extend.hpp; sourceTree = "<group>"; };
		EB5061431FAF0F6400C620F2 /* extend.inl */ = {isa = PBXFileReference; fileEncoding = 4; lastKnownFileType = text; path = extend.inl; sourceTree = "<group>"; };
		EB5061441FAF0F6400C620F2 /* extented_min_max.hpp */ = {isa = PBXFileReference; fileEncoding = 4; lastKnownFileType = sourcecode.cpp.h; path = extented_min_max.hpp; sourceTree = "<group>"; };
		EB5061451FAF0F6400C620F2 /* extented_min_max.inl */ = {isa = PBXFileReference; fileEncoding = 4; lastKnownFileType = text; path = extented_min_max.inl; sourceTree = "<group>"; };
		EB5061461FAF0F6400C620F2 /* fast_exponential.hpp */ = {isa = PBXFileReference; fileEncoding = 4; lastKnownFileType = sourcecode.cpp.h; path = fast_exponential.hpp; sourceTree = "<group>"; };
		EB5061471FAF0F6400C620F2 /* fast_exponential.inl */ = {isa = PBXFileReference; fileEncoding = 4; lastKnownFileType = text; path = fast_exponential.inl; sourceTree = "<group>"; };
		EB5061481FAF0F6400C620F2 /* fast_square_root.hpp */ = {isa = PBXFileReference; fileEncoding = 4; lastKnownFileType = sourcecode.cpp.h; path = fast_square_root.hpp; sourceTree = "<group>"; };
		EB5061491FAF0F6400C620F2 /* fast_square_root.inl */ = {isa = PBXFileReference; fileEncoding = 4; lastKnownFileType = text; path = fast_square_root.inl; sourceTree = "<group>"; };
		EB50614A1FAF0F6400C620F2 /* fast_trigonometry.hpp */ = {isa = PBXFileReference; fileEncoding = 4; lastKnownFileType = sourcecode.cpp.h; path = fast_trigonometry.hpp; sourceTree = "<group>"; };
		EB50614B1FAF0F6400C620F2 /* fast_trigonometry.inl */ = {isa = PBXFileReference; fileEncoding = 4; lastKnownFileType = text; path = fast_trigonometry.inl; sourceTree = "<group>"; };
		EB50614C1FAF0F6400C620F2 /* gradient_paint.hpp */ = {isa = PBXFileReference; fileEncoding = 4; lastKnownFileType = sourcecode.cpp.h; path = gradient_paint.hpp; sourceTree = "<group>"; };
		EB50614D1FAF0F6400C620F2 /* gradient_paint.inl */ = {isa = PBXFileReference; fileEncoding = 4; lastKnownFileType = text; path = gradient_paint.inl; sourceTree = "<group>"; };
		EB50614E1FAF0F6400C620F2 /* handed_coordinate_space.hpp */ = {isa = PBXFileReference; fileEncoding = 4; lastKnownFileType = sourcecode.cpp.h; path = handed_coordinate_space.hpp; sourceTree = "<group>"; };
		EB50614F1FAF0F6400C620F2 /* handed_coordinate_space.inl */ = {isa = PBXFileReference; fileEncoding = 4; lastKnownFileType = text; path = handed_coordinate_space.inl; sourceTree = "<group>"; };
		EB5061501FAF0F6400C620F2 /* inertia.hpp */ = {isa = PBXFileReference; fileEncoding = 4; lastKnownFileType = sourcecode.cpp.h; path = inertia.hpp; sourceTree = "<group>"; };
		EB5061511FAF0F6400C620F2 /* inertia.inl */ = {isa = PBXFileReference; fileEncoding = 4; lastKnownFileType = text; path = inertia.inl; sourceTree = "<group>"; };
		EB5061521FAF0F6400C620F2 /* int_10_10_10_2.hpp */ = {isa = PBXFileReference; fileEncoding = 4; lastKnownFileType = sourcecode.cpp.h; path = int_10_10_10_2.hpp; sourceTree = "<group>"; };
		EB5061531FAF0F6400C620F2 /* int_10_10_10_2.inl */ = {isa = PBXFileReference; fileEncoding = 4; lastKnownFileType = text; path = int_10_10_10_2.inl; sourceTree = "<group>"; };
		EB5061541FAF0F6400C620F2 /* integer.hpp */ = {isa = PBXFileReference; fileEncoding = 4; lastKnownFileType = sourcecode.cpp.h; path = integer.hpp; sourceTree = "<group>"; };
		EB5061551FAF0F6400C620F2 /* integer.inl */ = {isa = PBXFileReference; fileEncoding = 4; lastKnownFileType = text; path = integer.inl; sourceTree = "<group>"; };
		EB5061561FAF0F6400C620F2 /* intersect.hpp */ = {isa = PBXFileReference; fileEncoding = 4; lastKnownFileType = sourcecode.cpp.h; path = intersect.hpp; sourceTree = "<group>"; };
		EB5061571FAF0F6400C620F2 /* intersect.inl */ = {isa = PBXFileReference; fileEncoding = 4; lastKnownFileType = text; path = intersect.inl; sourceTree = "<group>"; };
		EB5061581FAF0F6400C620F2 /* log_base.hpp */ = {isa = PBXFileReference; fileEncoding = 4; lastKnownFileType = sourcecode.cpp.h; path = log_base.hpp; sourceTree = "<group>"; };
		EB5061591FAF0F6400C620F2 /* log_base.inl */ = {isa = PBXFileReference; fileEncoding = 4; lastKnownFileType = text; path = log_base.inl; sourceTree = "<group>"; };
		EB50615A1FAF0F6400C620F2 /* matrix_cross_product.hpp */ = {isa = PBXFileReference; fileEncoding = 4; lastKnownFileType = sourcecode.cpp.h; path = matrix_cross_product.hpp; sourceTree = "<group>"; };
		EB50615B1FAF0F6400C620F2 /* matrix_cross_product.inl */ = {isa = PBXFileReference; fileEncoding = 4; lastKnownFileType = text; path = matrix_cross_product.inl; sourceTree = "<group>"; };
		EB50615C1FAF0F6400C620F2 /* matrix_interpolation.hpp */ = {isa = PBXFileReference; fileEncoding = 4; lastKnownFileType = sourcecode.cpp.h; path = matrix_interpolation.hpp; sourceTree = "<group>"; };
		EB50615D1FAF0F6400C620F2 /* matrix_interpolation.inl */ = {isa = PBXFileReference; fileEncoding = 4; lastKnownFileType = text; path = matrix_interpolation.inl; sourceTree = "<group>"; };
		EB50615E1FAF0F6400C620F2 /* matrix_major_storage.hpp */ = {isa = PBXFileReference; fileEncoding = 4; lastKnownFileType = sourcecode.cpp.h; path = matrix_major_storage.hpp; sourceTree = "<group>"; };
		EB50615F1FAF0F6400C620F2 /* matrix_major_storage.inl */ = {isa = PBXFileReference; fileEncoding = 4; lastKnownFileType = text; path = matrix_major_storage.inl; sourceTree = "<group>"; };
		EB5061601FAF0F6400C620F2 /* matrix_operation.hpp */ = {isa = PBXFileReference; fileEncoding = 4; lastKnownFileType = sourcecode.cpp.h; path = matrix_operation.hpp; sourceTree = "<group>"; };
		EB5061611FAF0F6400C620F2 /* matrix_operation.inl */ = {isa = PBXFileReference; fileEncoding = 4; lastKnownFileType = text; path = matrix_operation.inl; sourceTree = "<group>"; };
		EB5061621FAF0F6400C620F2 /* matrix_query.hpp */ = {isa = PBXFileReference; fileEncoding = 4; lastKnownFileType = sourcecode.cpp.h; path = matrix_query.hpp; sourceTree = "<group>"; };
		EB5061631FAF0F6400C620F2 /* matrix_query.inl */ = {isa = PBXFileReference; fileEncoding = 4; lastKnownFileType = text; path = matrix_query.inl; sourceTree = "<group>"; };
		EB5061641FAF0F6400C620F2 /* mixed_product.hpp */ = {isa = PBXFileReference; fileEncoding = 4; lastKnownFileType = sourcecode.cpp.h; path = mixed_product.hpp; sourceTree = "<group>"; };
		EB5061651FAF0F6400C620F2 /* mixed_product.inl */ = {isa = PBXFileReference; fileEncoding = 4; lastKnownFileType = text; path = mixed_product.inl; sourceTree = "<group>"; };
		EB5061661FAF0F6400C620F2 /* multiple.hpp */ = {isa = PBXFileReference; fileEncoding = 4; lastKnownFileType = sourcecode.cpp.h; path = multiple.hpp; sourceTree = "<group>"; };
		EB5061671FAF0F6400C620F2 /* multiple.inl */ = {isa = PBXFileReference; fileEncoding = 4; lastKnownFileType = text; path = multiple.inl; sourceTree = "<group>"; };
		EB5061681FAF0F6400C620F2 /* noise.hpp */ = {isa = PBXFileReference; fileEncoding = 4; lastKnownFileType = sourcecode.cpp.h; path = noise.hpp; sourceTree = "<group>"; };
		EB5061691FAF0F6400C620F2 /* norm.hpp */ = {isa = PBXFileReference; fileEncoding = 4; lastKnownFileType = sourcecode.cpp.h; path = norm.hpp; sourceTree = "<group>"; };
		EB50616A1FAF0F6400C620F2 /* norm.inl */ = {isa = PBXFileReference; fileEncoding = 4; lastKnownFileType = text; path = norm.inl; sourceTree = "<group>"; };
		EB50616B1FAF0F6400C620F2 /* normal.hpp */ = {isa = PBXFileReference; fileEncoding = 4; lastKnownFileType = sourcecode.cpp.h; path = normal.hpp; sourceTree = "<group>"; };
		EB50616C1FAF0F6400C620F2 /* normal.inl */ = {isa = PBXFileReference; fileEncoding = 4; lastKnownFileType = text; path = normal.inl; sourceTree = "<group>"; };
		EB50616D1FAF0F6400C620F2 /* normalize_dot.hpp */ = {isa = PBXFileReference; fileEncoding = 4; lastKnownFileType = sourcecode.cpp.h; path = normalize_dot.hpp; sourceTree = "<group>"; };
		EB50616E1FAF0F6400C620F2 /* normalize_dot.inl */ = {isa = PBXFileReference; fileEncoding = 4; lastKnownFileType = text; path = normalize_dot.inl; sourceTree = "<group>"; };
		EB50616F1FAF0F6400C620F2 /* number_precision.hpp */ = {isa = PBXFileReference; fileEncoding = 4; lastKnownFileType = sourcecode.cpp.h; path = number_precision.hpp; sourceTree = "<group>"; };
		EB5061701FAF0F6400C620F2 /* number_precision.inl */ = {isa = PBXFileReference; fileEncoding = 4; lastKnownFileType = text; path = number_precision.inl; sourceTree = "<group>"; };
		EB5061711FAF0F6400C620F2 /* ocl_type.hpp */ = {isa = PBXFileReference; fileEncoding = 4; lastKnownFileType = sourcecode.cpp.h; path = ocl_type.hpp; sourceTree = "<group>"; };
		EB5061721FAF0F6400C620F2 /* ocl_type.inl */ = {isa = PBXFileReference; fileEncoding = 4; lastKnownFileType = text; path = ocl_type.inl; sourceTree = "<group>"; };
		EB5061731FAF0F6400C620F2 /* optimum_pow.hpp */ = {isa = PBXFileReference; fileEncoding = 4; lastKnownFileType = sourcecode.cpp.h; path = optimum_pow.hpp; sourceTree = "<group>"; };
		EB5061741FAF0F6400C620F2 /* optimum_pow.inl */ = {isa = PBXFileReference; fileEncoding = 4; lastKnownFileType = text; path = optimum_pow.inl; sourceTree = "<group>"; };
		EB5061751FAF0F6400C620F2 /* orthonormalize.hpp */ = {isa = PBXFileReference; fileEncoding = 4; lastKnownFileType = sourcecode.cpp.h; path = orthonormalize.hpp; sourceTree = "<group>"; };
		EB5061761FAF0F6400C620F2 /* orthonormalize.inl */ = {isa = PBXFileReference; fileEncoding = 4; lastKnownFileType = text; path = orthonormalize.inl; sourceTree = "<group>"; };
		EB5061771FAF0F6400C620F2 /* perpendicular.hpp */ = {isa = PBXFileReference; fileEncoding = 4; lastKnownFileType = sourcecode.cpp.h; path = perpendicular.hpp; sourceTree = "<group>"; };
		EB5061781FAF0F6400C620F2 /* perpendicular.inl */ = {isa = PBXFileReference; fileEncoding = 4; lastKnownFileType = text; path = perpendicular.inl; sourceTree = "<group>"; };
		EB5061791FAF0F6400C620F2 /* polar_coordinates.hpp */ = {isa = PBXFileReference; fileEncoding = 4; lastKnownFileType = sourcecode.cpp.h; path = polar_coordinates.hpp; sourceTree = "<group>"; };
		EB50617A1FAF0F6400C620F2 /* polar_coordinates.inl */ = {isa = PBXFileReference; fileEncoding = 4; lastKnownFileType = text; path = polar_coordinates.inl; sourceTree = "<group>"; };
		EB50617B1FAF0F6400C620F2 /* projection.hpp */ = {isa = PBXFileReference; fileEncoding = 4; lastKnownFileType = sourcecode.cpp.h; path = projection.hpp; sourceTree = "<group>"; };
		EB50617C1FAF0F6400C620F2 /* projection.inl */ = {isa = PBXFileReference; fileEncoding = 4; lastKnownFileType = text; path = projection.inl; sourceTree = "<group>"; };
		EB50617D1FAF0F6400C620F2 /* quaternion.hpp */ = {isa = PBXFileReference; fileEncoding = 4; lastKnownFileType = sourcecode.cpp.h; path = quaternion.hpp; sourceTree = "<group>"; };
		EB50617E1FAF0F6400C620F2 /* quaternion.inl */ = {isa = PBXFileReference; fileEncoding = 4; lastKnownFileType = text; path = quaternion.inl; sourceTree = "<group>"; };
		EB50617F1FAF0F6400C620F2 /* random.hpp */ = {isa = PBXFileReference; fileEncoding = 4; lastKnownFileType = sourcecode.cpp.h; path = random.hpp; sourceTree = "<group>"; };
		EB5061801FAF0F6400C620F2 /* raw_data.hpp */ = {isa = PBXFileReference; fileEncoding = 4; lastKnownFileType = sourcecode.cpp.h; path = raw_data.hpp; sourceTree = "<group>"; };
		EB5061811FAF0F6400C620F2 /* raw_data.inl */ = {isa = PBXFileReference; fileEncoding = 4; lastKnownFileType = text; path = raw_data.inl; sourceTree = "<group>"; };
		EB5061821FAF0F6400C620F2 /* reciprocal.hpp */ = {isa = PBXFileReference; fileEncoding = 4; lastKnownFileType = sourcecode.cpp.h; path = reciprocal.hpp; sourceTree = "<group>"; };
		EB5061831FAF0F6400C620F2 /* rotate_vector.hpp */ = {isa = PBXFileReference; fileEncoding = 4; lastKnownFileType = sourcecode.cpp.h; path = rotate_vector.hpp; sourceTree = "<group>"; };
		EB5061841FAF0F6400C620F2 /* rotate_vector.inl */ = {isa = PBXFileReference; fileEncoding = 4; lastKnownFileType = text; path = rotate_vector.inl; sourceTree = "<group>"; };
		EB5061851FAF0F6400C620F2 /* simd_mat4.hpp */ = {isa = PBXFileReference; fileEncoding = 4; lastKnownFileType = sourcecode.cpp.h; path = simd_mat4.hpp; sourceTree = "<group>"; };
		EB5061861FAF0F6400C620F2 /* simd_mat4.inl */ = {isa = PBXFileReference; fileEncoding = 4; lastKnownFileType = text; path = simd_mat4.inl; sourceTree = "<group>"; };
		EB5061871FAF0F6400C620F2 /* simd_vec4.hpp */ = {isa = PBXFileReference; fileEncoding = 4; lastKnownFileType = sourcecode.cpp.h; path = simd_vec4.hpp; sourceTree = "<group>"; };
		EB5061881FAF0F6400C620F2 /* simd_vec4.inl */ = {isa = PBXFileReference; fileEncoding = 4; lastKnownFileType = text; path = simd_vec4.inl; sourceTree = "<group>"; };
		EB5061891FAF0F6400C620F2 /* spline.hpp */ = {isa = PBXFileReference; fileEncoding = 4; lastKnownFileType = sourcecode.cpp.h; path = spline.hpp; sourceTree = "<group>"; };
		EB50618A1FAF0F6400C620F2 /* spline.inl */ = {isa = PBXFileReference; fileEncoding = 4; lastKnownFileType = text; path = spline.inl; sourceTree = "<group>"; };
		EB50618B1FAF0F6400C620F2 /* std_based_type.hpp */ = {isa = PBXFileReference; fileEncoding = 4; lastKnownFileType = sourcecode.cpp.h; path = std_based_type.hpp; sourceTree = "<group>"; };
		EB50618C1FAF0F6400C620F2 /* std_based_type.inl */ = {isa = PBXFileReference; fileEncoding = 4; lastKnownFileType = text; path = std_based_type.inl; sourceTree = "<group>"; };
		EB50618D1FAF0F6400C620F2 /* string_cast.hpp */ = {isa = PBXFileReference; fileEncoding = 4; lastKnownFileType = sourcecode.cpp.h; path = string_cast.hpp; sourceTree = "<group>"; };
		EB50618E1FAF0F6400C620F2 /* string_cast.inl */ = {isa = PBXFileReference; fileEncoding = 4; lastKnownFileType = text; path = string_cast.inl; sourceTree = "<group>"; };
		EB50618F1FAF0F6400C620F2 /* transform.hpp */ = {isa = PBXFileReference; fileEncoding = 4; lastKnownFileType = sourcecode.cpp.h; path = transform.hpp; sourceTree = "<group>"; };
		EB5061901FAF0F6400C620F2 /* transform.inl */ = {isa = PBXFileReference; fileEncoding = 4; lastKnownFileType = text; path = transform.inl; sourceTree = "<group>"; };
		EB5061911FAF0F6400C620F2 /* transform2.hpp */ = {isa = PBXFileReference; fileEncoding = 4; lastKnownFileType = sourcecode.cpp.h; path = transform2.hpp; sourceTree = "<group>"; };
		EB5061921FAF0F6400C620F2 /* transform2.inl */ = {isa = PBXFileReference; fileEncoding = 4; lastKnownFileType = text; path = transform2.inl; sourceTree = "<group>"; };
		EB5061931FAF0F6400C620F2 /* ulp.hpp */ = {isa = PBXFileReference; fileEncoding = 4; lastKnownFileType = sourcecode.cpp.h; path = ulp.hpp; sourceTree = "<group>"; };
		EB5061941FAF0F6400C620F2 /* unsigned_int.hpp */ = {isa = PBXFileReference; fileEncoding = 4; lastKnownFileType = sourcecode.cpp.h; path = unsigned_int.hpp; sourceTree = "<group>"; };
		EB5061951FAF0F6400C620F2 /* unsigned_int.inl */ = {isa = PBXFileReference; fileEncoding = 4; lastKnownFileType = text; path = unsigned_int.inl; sourceTree = "<group>"; };
		EB5061961FAF0F6400C620F2 /* vec1.hpp */ = {isa = PBXFileReference; fileEncoding = 4; lastKnownFileType = sourcecode.cpp.h; path = vec1.hpp; sourceTree = "<group>"; };
		EB5061971FAF0F6400C620F2 /* vec1.inl */ = {isa = PBXFileReference; fileEncoding = 4; lastKnownFileType = text; path = vec1.inl; sourceTree = "<group>"; };
		EB5061981FAF0F6400C620F2 /* vector_access.hpp */ = {isa = PBXFileReference; fileEncoding = 4; lastKnownFileType = sourcecode.cpp.h; path = vector_access.hpp; sourceTree = "<group>"; };
		EB5061991FAF0F6400C620F2 /* vector_access.inl */ = {isa = PBXFileReference; fileEncoding = 4; lastKnownFileType = text; path = vector_access.inl; sourceTree = "<group>"; };
		EB50619A1FAF0F6400C620F2 /* vector_angle.hpp */ = {isa = PBXFileReference; fileEncoding = 4; lastKnownFileType = sourcecode.cpp.h; path = vector_angle.hpp; sourceTree = "<group>"; };
		EB50619B1FAF0F6400C620F2 /* vector_angle.inl */ = {isa = PBXFileReference; fileEncoding = 4; lastKnownFileType = text; path = vector_angle.inl; sourceTree = "<group>"; };
		EB50619C1FAF0F6400C620F2 /* vector_query.hpp */ = {isa = PBXFileReference; fileEncoding = 4; lastKnownFileType = sourcecode.cpp.h; path = vector_query.hpp; sourceTree = "<group>"; };
		EB50619D1FAF0F6400C620F2 /* vector_query.inl */ = {isa = PBXFileReference; fileEncoding = 4; lastKnownFileType = text; path = vector_query.inl; sourceTree = "<group>"; };
		EB50619E1FAF0F6400C620F2 /* verbose_operator.hpp */ = {isa = PBXFileReference; fileEncoding = 4; lastKnownFileType = sourcecode.cpp.h; path = verbose_operator.hpp; sourceTree = "<group>"; };
		EB50619F1FAF0F6400C620F2 /* verbose_operator.inl */ = {isa = PBXFileReference; fileEncoding = 4; lastKnownFileType = text; path = verbose_operator.inl; sourceTree = "<group>"; };
		EB5061A01FAF0F6400C620F2 /* wrap.hpp */ = {isa = PBXFileReference; fileEncoding = 4; lastKnownFileType = sourcecode.cpp.h; path = wrap.hpp; sourceTree = "<group>"; };
		EB5061A11FAF0F6400C620F2 /* wrap.inl */ = {isa = PBXFileReference; fileEncoding = 4; lastKnownFileType = text; path = wrap.inl; sourceTree = "<group>"; };
		EB5061A31FAF0F6400C620F2 /* xstream.hpp */ = {isa = PBXFileReference; fileEncoding = 4; lastKnownFileType = sourcecode.cpp.h; path = xstream.hpp; sourceTree = "<group>"; };
/* End PBXFileReference section */

/* Begin PBXFrameworksBuildPhase section */
		EB5060941FAD95FA00C620F2 /* Frameworks */ = {
			isa = PBXFrameworksBuildPhase;
			buildActionMask = 2147483647;
			files = (
			);
			runOnlyForDeploymentPostprocessing = 0;
		};
/* End PBXFrameworksBuildPhase section */

/* Begin PBXGroup section */
		EB50608E1FAD95FA00C620F2 = {
			isa = PBXGroup;
			children = (
				EB5060991FAD95FA00C620F2 /* OpenGLES-坐标系统 */,
				EB5060981FAD95FA00C620F2 /* Products */,
			);
			sourceTree = "<group>";
		};
		EB5060981FAD95FA00C620F2 /* Products */ = {
			isa = PBXGroup;
			children = (
				EB5060971FAD95FA00C620F2 /* OpenGLES-坐标系统.app */,
			);
			name = Products;
			sourceTree = "<group>";
		};
		EB5060991FAD95FA00C620F2 /* OpenGLES-坐标系统 */ = {
			isa = PBXGroup;
			children = (
				EB5060BE1FAF0F6400C620F2 /* Glm */,
				EB5060B11FAD961A00C620F2 /* vertex.vsh */,
				EB5060B01FAD961A00C620F2 /* fragment.fsh */,
				EB5060B31FAD961A00C620F2 /* Logo.png */,
				EB5060BC1FAD988700C620F2 /* Timg.jpeg */,
				EB5060B61FAD961B00C620F2 /* MTEAGLView.h */,
				EB5060B51FAD961B00C620F2 /* MTEAGLView.mm */,
				EB5060B41FAD961A00C620F2 /* MTGLProgram.h */,
				EB5060B21FAD961A00C620F2 /* MTGLProgram.c */,
				EB50609A1FAD95FA00C620F2 /* AppDelegate.h */,
				EB50609B1FAD95FA00C620F2 /* AppDelegate.m */,
				EB50609D1FAD95FA00C620F2 /* ViewController.h */,
				EB50609E1FAD95FA00C620F2 /* ViewController.m */,
				EB5060A01FAD95FA00C620F2 /* Main.storyboard */,
				EB5060A31FAD95FA00C620F2 /* Assets.xcassets */,
				EB5060A51FAD95FA00C620F2 /* LaunchScreen.storyboard */,
				EB5060A81FAD95FA00C620F2 /* Info.plist */,
				EB5060A91FAD95FA00C620F2 /* main.m */,
			);
			path = "OpenGLES-坐标系统";
			sourceTree = "<group>";
		};
		EB5060BE1FAF0F6400C620F2 /* Glm */ = {
			isa = PBXGroup;
			children = (
				EB5060BF1FAF0F6400C620F2 /* CMakeLists.txt */,
				EB5060C01FAF0F6400C620F2 /* core */,
				EB50610D1FAF0F6400C620F2 /* ext.hpp */,
				EB50610E1FAF0F6400C620F2 /* glm.hpp */,
				EB50610F1FAF0F6400C620F2 /* gtc */,
				EB50612D1FAF0F6400C620F2 /* gtx */,
				EB5061A21FAF0F6400C620F2 /* virtrev */,
			);
			path = Glm;
			sourceTree = "<group>";
		};
		EB5060C01FAF0F6400C620F2 /* core */ = {
			isa = PBXGroup;
			children = (
				EB5060C11FAF0F6400C620F2 /* _detail.hpp */,
				EB5060C21FAF0F6400C620F2 /* _fixes.hpp */,
				EB5060C31FAF0F6400C620F2 /* _swizzle.hpp */,
				EB5060C41FAF0F6400C620F2 /* _swizzle_func.hpp */,
				EB5060C51FAF0F6400C620F2 /* _vectorize.hpp */,
				EB5060C61FAF0F6400C620F2 /* dummy.cpp */,
				EB5060C71FAF0F6400C620F2 /* func_common.hpp */,
				EB5060C81FAF0F6400C620F2 /* func_common.inl */,
				EB5060C91FAF0F6400C620F2 /* func_exponential.hpp */,
				EB5060CA1FAF0F6400C620F2 /* func_exponential.inl */,
				EB5060CB1FAF0F6400C620F2 /* func_geometric.hpp */,
				EB5060CC1FAF0F6400C620F2 /* func_geometric.inl */,
				EB5060CD1FAF0F6400C620F2 /* func_integer.hpp */,
				EB5060CE1FAF0F6400C620F2 /* func_integer.inl */,
				EB5060CF1FAF0F6400C620F2 /* func_matrix.hpp */,
				EB5060D01FAF0F6400C620F2 /* func_matrix.inl */,
				EB5060D11FAF0F6400C620F2 /* func_noise.hpp */,
				EB5060D21FAF0F6400C620F2 /* func_noise.inl */,
				EB5060D31FAF0F6400C620F2 /* func_packing.hpp */,
				EB5060D41FAF0F6400C620F2 /* func_packing.inl */,
				EB5060D51FAF0F6400C620F2 /* func_trigonometric.hpp */,
				EB5060D61FAF0F6400C620F2 /* func_trigonometric.inl */,
				EB5060D71FAF0F6400C620F2 /* func_vector_relational.hpp */,
				EB5060D81FAF0F6400C620F2 /* func_vector_relational.inl */,
				EB5060D91FAF0F6400C620F2 /* hint.hpp */,
				EB5060DA1FAF0F6400C620F2 /* intrinsic_common.hpp */,
				EB5060DB1FAF0F6400C620F2 /* intrinsic_common.inl */,
				EB5060DC1FAF0F6400C620F2 /* intrinsic_exponential.hpp */,
				EB5060DD1FAF0F6400C620F2 /* intrinsic_exponential.inl */,
				EB5060DE1FAF0F6400C620F2 /* intrinsic_geometric.hpp */,
				EB5060DF1FAF0F6400C620F2 /* intrinsic_geometric.inl */,
				EB5060E01FAF0F6400C620F2 /* intrinsic_matrix.hpp */,
				EB5060E11FAF0F6400C620F2 /* intrinsic_matrix.inl */,
				EB5060E21FAF0F6400C620F2 /* intrinsic_trigonometric.hpp */,
				EB5060E31FAF0F6400C620F2 /* intrinsic_trigonometric.inl */,
				EB5060E41FAF0F6400C620F2 /* intrinsic_vector_relational.hpp */,
				EB5060E51FAF0F6400C620F2 /* intrinsic_vector_relational.inl */,
				EB5060E61FAF0F6400C620F2 /* setup.hpp */,
				EB5060E71FAF0F6400C620F2 /* type.hpp */,
				EB5060E81FAF0F6400C620F2 /* type_float.hpp */,
				EB5060E91FAF0F6400C620F2 /* type_gentype.hpp */,
				EB5060EA1FAF0F6400C620F2 /* type_gentype.inl */,
				EB5060EB1FAF0F6400C620F2 /* type_half.hpp */,
				EB5060EC1FAF0F6400C620F2 /* type_half.inl */,
				EB5060ED1FAF0F6400C620F2 /* type_int.hpp */,
				EB5060EE1FAF0F6400C620F2 /* type_mat.hpp */,
				EB5060EF1FAF0F6400C620F2 /* type_mat.inl */,
				EB5060F01FAF0F6400C620F2 /* type_mat2x2.hpp */,
				EB5060F11FAF0F6400C620F2 /* type_mat2x2.inl */,
				EB5060F21FAF0F6400C620F2 /* type_mat2x3.hpp */,
				EB5060F31FAF0F6400C620F2 /* type_mat2x3.inl */,
				EB5060F41FAF0F6400C620F2 /* type_mat2x4.hpp */,
				EB5060F51FAF0F6400C620F2 /* type_mat2x4.inl */,
				EB5060F61FAF0F6400C620F2 /* type_mat3x2.hpp */,
				EB5060F71FAF0F6400C620F2 /* type_mat3x2.inl */,
				EB5060F81FAF0F6400C620F2 /* type_mat3x3.hpp */,
				EB5060F91FAF0F6400C620F2 /* type_mat3x3.inl */,
				EB5060FA1FAF0F6400C620F2 /* type_mat3x4.hpp */,
				EB5060FB1FAF0F6400C620F2 /* type_mat3x4.inl */,
				EB5060FC1FAF0F6400C620F2 /* type_mat4x2.hpp */,
				EB5060FD1FAF0F6400C620F2 /* type_mat4x2.inl */,
				EB5060FE1FAF0F6400C620F2 /* type_mat4x3.hpp */,
				EB5060FF1FAF0F6400C620F2 /* type_mat4x3.inl */,
				EB5061001FAF0F6400C620F2 /* type_mat4x4.hpp */,
				EB5061011FAF0F6400C620F2 /* type_mat4x4.inl */,
				EB5061021FAF0F6400C620F2 /* type_size.hpp */,
				EB5061031FAF0F6400C620F2 /* type_vec.hpp */,
				EB5061041FAF0F6400C620F2 /* type_vec.inl */,
				EB5061051FAF0F6400C620F2 /* type_vec1.hpp */,
				EB5061061FAF0F6400C620F2 /* type_vec1.inl */,
				EB5061071FAF0F6400C620F2 /* type_vec2.hpp */,
				EB5061081FAF0F6400C620F2 /* type_vec2.inl */,
				EB5061091FAF0F6400C620F2 /* type_vec3.hpp */,
				EB50610A1FAF0F6400C620F2 /* type_vec3.inl */,
				EB50610B1FAF0F6400C620F2 /* type_vec4.hpp */,
				EB50610C1FAF0F6400C620F2 /* type_vec4.inl */,
			);
			path = core;
			sourceTree = "<group>";
		};
		EB50610F1FAF0F6400C620F2 /* gtc */ = {
			isa = PBXGroup;
			children = (
				EB5061101FAF0F6400C620F2 /* constants.hpp */,
				EB5061111FAF0F6400C620F2 /* constants.inl */,
				EB5061121FAF0F6400C620F2 /* epsilon.hpp */,
				EB5061131FAF0F6400C620F2 /* epsilon.inl */,
				EB5061141FAF0F6400C620F2 /* half_float.hpp */,
				EB5061151FAF0F6400C620F2 /* half_float.inl */,
				EB5061161FAF0F6400C620F2 /* matrix_access.hpp */,
				EB5061171FAF0F6400C620F2 /* matrix_access.inl */,
				EB5061181FAF0F6400C620F2 /* matrix_integer.hpp */,
				EB5061191FAF0F6400C620F2 /* matrix_inverse.hpp */,
				EB50611A1FAF0F6400C620F2 /* matrix_inverse.inl */,
				EB50611B1FAF0F6400C620F2 /* matrix_transform.hpp */,
				EB50611C1FAF0F6400C620F2 /* matrix_transform.inl */,
				EB50611D1FAF0F6400C620F2 /* noise.hpp */,
				EB50611E1FAF0F6400C620F2 /* noise.inl */,
				EB50611F1FAF0F6400C620F2 /* quaternion.hpp */,
				EB5061201FAF0F6400C620F2 /* quaternion.inl */,
				EB5061211FAF0F6400C620F2 /* random.hpp */,
				EB5061221FAF0F6400C620F2 /* random.inl */,
				EB5061231FAF0F6400C620F2 /* reciprocal.hpp */,
				EB5061241FAF0F6400C620F2 /* reciprocal.inl */,
				EB5061251FAF0F6400C620F2 /* swizzle.hpp */,
				EB5061261FAF0F6400C620F2 /* swizzle.inl */,
				EB5061271FAF0F6400C620F2 /* type_precision.hpp */,
				EB5061281FAF0F6400C620F2 /* type_precision.inl */,
				EB5061291FAF0F6400C620F2 /* type_ptr.hpp */,
				EB50612A1FAF0F6400C620F2 /* type_ptr.inl */,
				EB50612B1FAF0F6400C620F2 /* ulp.hpp */,
				EB50612C1FAF0F6400C620F2 /* ulp.inl */,
			);
			path = gtc;
			sourceTree = "<group>";
		};
		EB50612D1FAF0F6400C620F2 /* gtx */ = {
			isa = PBXGroup;
			children = (
				EB50612E1FAF0F6400C620F2 /* associated_min_max.hpp */,
				EB50612F1FAF0F6400C620F2 /* associated_min_max.inl */,
				EB5061301FAF0F6400C620F2 /* bit.hpp */,
				EB5061311FAF0F6400C620F2 /* bit.inl */,
				EB5061321FAF0F6400C620F2 /* closest_point.hpp */,
				EB5061331FAF0F6400C620F2 /* closest_point.inl */,
				EB5061341FAF0F6400C620F2 /* color_cast.hpp */,
				EB5061351FAF0F6400C620F2 /* color_cast.inl */,
				EB5061361FAF0F6400C620F2 /* color_space.hpp */,
				EB5061371FAF0F6400C620F2 /* color_space.inl */,
				EB5061381FAF0F6400C620F2 /* color_space_YCoCg.hpp */,
				EB5061391FAF0F6400C620F2 /* color_space_YCoCg.inl */,
				EB50613A1FAF0F6400C620F2 /* compatibility.hpp */,
				EB50613B1FAF0F6400C620F2 /* compatibility.inl */,
				EB50613C1FAF0F6400C620F2 /* component_wise.hpp */,
				EB50613D1FAF0F6400C620F2 /* component_wise.inl */,
				EB50613E1FAF0F6400C620F2 /* constants.hpp */,
				EB50613F1FAF0F6400C620F2 /* epsilon.hpp */,
				EB5061401FAF0F6400C620F2 /* euler_angles.hpp */,
				EB5061411FAF0F6400C620F2 /* euler_angles.inl */,
				EB5061421FAF0F6400C620F2 /* extend.hpp */,
				EB5061431FAF0F6400C620F2 /* extend.inl */,
				EB5061441FAF0F6400C620F2 /* extented_min_max.hpp */,
				EB5061451FAF0F6400C620F2 /* extented_min_max.inl */,
				EB5061461FAF0F6400C620F2 /* fast_exponential.hpp */,
				EB5061471FAF0F6400C620F2 /* fast_exponential.inl */,
				EB5061481FAF0F6400C620F2 /* fast_square_root.hpp */,
				EB5061491FAF0F6400C620F2 /* fast_square_root.inl */,
				EB50614A1FAF0F6400C620F2 /* fast_trigonometry.hpp */,
				EB50614B1FAF0F6400C620F2 /* fast_trigonometry.inl */,
				EB50614C1FAF0F6400C620F2 /* gradient_paint.hpp */,
				EB50614D1FAF0F6400C620F2 /* gradient_paint.inl */,
				EB50614E1FAF0F6400C620F2 /* handed_coordinate_space.hpp */,
				EB50614F1FAF0F6400C620F2 /* handed_coordinate_space.inl */,
				EB5061501FAF0F6400C620F2 /* inertia.hpp */,
				EB5061511FAF0F6400C620F2 /* inertia.inl */,
				EB5061521FAF0F6400C620F2 /* int_10_10_10_2.hpp */,
				EB5061531FAF0F6400C620F2 /* int_10_10_10_2.inl */,
				EB5061541FAF0F6400C620F2 /* integer.hpp */,
				EB5061551FAF0F6400C620F2 /* integer.inl */,
				EB5061561FAF0F6400C620F2 /* intersect.hpp */,
				EB5061571FAF0F6400C620F2 /* intersect.inl */,
				EB5061581FAF0F6400C620F2 /* log_base.hpp */,
				EB5061591FAF0F6400C620F2 /* log_base.inl */,
				EB50615A1FAF0F6400C620F2 /* matrix_cross_product.hpp */,
				EB50615B1FAF0F6400C620F2 /* matrix_cross_product.inl */,
				EB50615C1FAF0F6400C620F2 /* matrix_interpolation.hpp */,
				EB50615D1FAF0F6400C620F2 /* matrix_interpolation.inl */,
				EB50615E1FAF0F6400C620F2 /* matrix_major_storage.hpp */,
				EB50615F1FAF0F6400C620F2 /* matrix_major_storage.inl */,
				EB5061601FAF0F6400C620F2 /* matrix_operation.hpp */,
				EB5061611FAF0F6400C620F2 /* matrix_operation.inl */,
				EB5061621FAF0F6400C620F2 /* matrix_query.hpp */,
				EB5061631FAF0F6400C620F2 /* matrix_query.inl */,
				EB5061641FAF0F6400C620F2 /* mixed_product.hpp */,
				EB5061651FAF0F6400C620F2 /* mixed_product.inl */,
				EB5061661FAF0F6400C620F2 /* multiple.hpp */,
				EB5061671FAF0F6400C620F2 /* multiple.inl */,
				EB5061681FAF0F6400C620F2 /* noise.hpp */,
				EB5061691FAF0F6400C620F2 /* norm.hpp */,
				EB50616A1FAF0F6400C620F2 /* norm.inl */,
				EB50616B1FAF0F6400C620F2 /* normal.hpp */,
				EB50616C1FAF0F6400C620F2 /* normal.inl */,
				EB50616D1FAF0F6400C620F2 /* normalize_dot.hpp */,
				EB50616E1FAF0F6400C620F2 /* normalize_dot.inl */,
				EB50616F1FAF0F6400C620F2 /* number_precision.hpp */,
				EB5061701FAF0F6400C620F2 /* number_precision.inl */,
				EB5061711FAF0F6400C620F2 /* ocl_type.hpp */,
				EB5061721FAF0F6400C620F2 /* ocl_type.inl */,
				EB5061731FAF0F6400C620F2 /* optimum_pow.hpp */,
				EB5061741FAF0F6400C620F2 /* optimum_pow.inl */,
				EB5061751FAF0F6400C620F2 /* orthonormalize.hpp */,
				EB5061761FAF0F6400C620F2 /* orthonormalize.inl */,
				EB5061771FAF0F6400C620F2 /* perpendicular.hpp */,
				EB5061781FAF0F6400C620F2 /* perpendicular.inl */,
				EB5061791FAF0F6400C620F2 /* polar_coordinates.hpp */,
				EB50617A1FAF0F6400C620F2 /* polar_coordinates.inl */,
				EB50617B1FAF0F6400C620F2 /* projection.hpp */,
				EB50617C1FAF0F6400C620F2 /* projection.inl */,
				EB50617D1FAF0F6400C620F2 /* quaternion.hpp */,
				EB50617E1FAF0F6400C620F2 /* quaternion.inl */,
				EB50617F1FAF0F6400C620F2 /* random.hpp */,
				EB5061801FAF0F6400C620F2 /* raw_data.hpp */,
				EB5061811FAF0F6400C620F2 /* raw_data.inl */,
				EB5061821FAF0F6400C620F2 /* reciprocal.hpp */,
				EB5061831FAF0F6400C620F2 /* rotate_vector.hpp */,
				EB5061841FAF0F6400C620F2 /* rotate_vector.inl */,
				EB5061851FAF0F6400C620F2 /* simd_mat4.hpp */,
				EB5061861FAF0F6400C620F2 /* simd_mat4.inl */,
				EB5061871FAF0F6400C620F2 /* simd_vec4.hpp */,
				EB5061881FAF0F6400C620F2 /* simd_vec4.inl */,
				EB5061891FAF0F6400C620F2 /* spline.hpp */,
				EB50618A1FAF0F6400C620F2 /* spline.inl */,
				EB50618B1FAF0F6400C620F2 /* std_based_type.hpp */,
				EB50618C1FAF0F6400C620F2 /* std_based_type.inl */,
				EB50618D1FAF0F6400C620F2 /* string_cast.hpp */,
				EB50618E1FAF0F6400C620F2 /* string_cast.inl */,
				EB50618F1FAF0F6400C620F2 /* transform.hpp */,
				EB5061901FAF0F6400C620F2 /* transform.inl */,
				EB5061911FAF0F6400C620F2 /* transform2.hpp */,
				EB5061921FAF0F6400C620F2 /* transform2.inl */,
				EB5061931FAF0F6400C620F2 /* ulp.hpp */,
				EB5061941FAF0F6400C620F2 /* unsigned_int.hpp */,
				EB5061951FAF0F6400C620F2 /* unsigned_int.inl */,
				EB5061961FAF0F6400C620F2 /* vec1.hpp */,
				EB5061971FAF0F6400C620F2 /* vec1.inl */,
				EB5061981FAF0F6400C620F2 /* vector_access.hpp */,
				EB5061991FAF0F6400C620F2 /* vector_access.inl */,
				EB50619A1FAF0F6400C620F2 /* vector_angle.hpp */,
				EB50619B1FAF0F6400C620F2 /* vector_angle.inl */,
				EB50619C1FAF0F6400C620F2 /* vector_query.hpp */,
				EB50619D1FAF0F6400C620F2 /* vector_query.inl */,
				EB50619E1FAF0F6400C620F2 /* verbose_operator.hpp */,
				EB50619F1FAF0F6400C620F2 /* verbose_operator.inl */,
				EB5061A01FAF0F6400C620F2 /* wrap.hpp */,
				EB5061A11FAF0F6400C620F2 /* wrap.inl */,
			);
			path = gtx;
			sourceTree = "<group>";
		};
		EB5061A21FAF0F6400C620F2 /* virtrev */ = {
			isa = PBXGroup;
			children = (
				EB5061A31FAF0F6400C620F2 /* xstream.hpp */,
			);
			path = virtrev;
			sourceTree = "<group>";
		};
/* End PBXGroup section */

/* Begin PBXNativeTarget section */
		EB5060961FAD95FA00C620F2 /* OpenGLES-坐标系统 */ = {
			isa = PBXNativeTarget;
			buildConfigurationList = EB5060AD1FAD95FA00C620F2 /* Build configuration list for PBXNativeTarget "OpenGLES-坐标系统" */;
			buildPhases = (
				EB5060931FAD95FA00C620F2 /* Sources */,
				EB5060941FAD95FA00C620F2 /* Frameworks */,
				EB5060951FAD95FA00C620F2 /* Resources */,
			);
			buildRules = (
			);
			dependencies = (
			);
			name = "OpenGLES-坐标系统";
			productName = "OpenGLES-坐标系统";
			productReference = EB5060971FAD95FA00C620F2 /* OpenGLES-坐标系统.app */;
			productType = "com.apple.product-type.application";
		};
/* End PBXNativeTarget section */

/* Begin PBXProject section */
		EB50608F1FAD95FA00C620F2 /* Project object */ = {
			isa = PBXProject;
			attributes = {
				LastUpgradeCheck = 0900;
				ORGANIZATIONNAME = apple;
				TargetAttributes = {
					EB5060961FAD95FA00C620F2 = {
						CreatedOnToolsVersion = 9.0.1;
						ProvisioningStyle = Automatic;
					};
				};
			};
			buildConfigurationList = EB5060921FAD95FA00C620F2 /* Build configuration list for PBXProject "OpenGLES-坐标系统" */;
			compatibilityVersion = "Xcode 8.0";
			developmentRegion = en;
			hasScannedForEncodings = 0;
			knownRegions = (
				en,
				Base,
			);
			mainGroup = EB50608E1FAD95FA00C620F2;
			productRefGroup = EB5060981FAD95FA00C620F2 /* Products */;
			projectDirPath = "";
			projectRoot = "";
			targets = (
				EB5060961FAD95FA00C620F2 /* OpenGLES-坐标系统 */,
			);
		};
/* End PBXProject section */

/* Begin PBXResourcesBuildPhase section */
		EB5060951FAD95FA00C620F2 /* Resources */ = {
			isa = PBXResourcesBuildPhase;
			buildActionMask = 2147483647;
			files = (
				EB5061FD1FAF0F6400C620F2 /* simd_mat4.inl in Resources */,
				EB5061AF1FAF0F6400C620F2 /* intrinsic_common.inl in Resources */,
				EB5060BA1FAD961B00C620F2 /* Logo.png in Resources */,
				EB5061BD1FAF0F6400C620F2 /* type_mat3x4.inl in Resources */,
				EB5061DD1FAF0F6400C620F2 /* extend.inl in Resources */,
				EB5061D31FAF0F6400C620F2 /* ulp.inl in Resources */,
				EB5061DF1FAF0F6400C620F2 /* fast_exponential.inl in Resources */,
				EB5061B71FAF0F6400C620F2 /* type_mat.inl in Resources */,
				EB5061F61FAF0F6400C620F2 /* orthonormalize.inl in Resources */,
				EB5061CA1FAF0F6400C620F2 /* matrix_inverse.inl in Resources */,
				EB5061F11FAF0F6400C620F2 /* normal.inl in Resources */,
				EB5061E81FAF0F6400C620F2 /* log_base.inl in Resources */,
				EB5060BD1FAD988700C620F2 /* Timg.jpeg in Resources */,
				EB5060A71FAD95FA00C620F2 /* LaunchScreen.storyboard in Resources */,
				EB5061E91FAF0F6400C620F2 /* matrix_cross_product.inl in Resources */,
				EB5061C61FAF0F6400C620F2 /* constants.inl in Resources */,
				EB5060A41FAD95FA00C620F2 /* Assets.xcassets in Resources */,
				EB5062081FAF0F6400C620F2 /* vector_query.inl in Resources */,
				EB5061C31FAF0F6400C620F2 /* type_vec2.inl in Resources */,
				EB5061A41FAF0F6400C620F2 /* CMakeLists.txt in Resources */,
				EB5061B51FAF0F6400C620F2 /* type_gentype.inl in Resources */,
				EB5062041FAF0F6400C620F2 /* unsigned_int.inl in Resources */,
				EB5061FF1FAF0F6400C620F2 /* spline.inl in Resources */,
				EB5061FC1FAF0F6400C620F2 /* rotate_vector.inl in Resources */,
				EB5061BB1FAF0F6400C620F2 /* type_mat3x2.inl in Resources */,
				EB5061E31FAF0F6400C620F2 /* handed_coordinate_space.inl in Resources */,
				EB5061F41FAF0F6400C620F2 /* ocl_type.inl in Resources */,
				EB5061E41FAF0F6400C620F2 /* inertia.inl in Resources */,
				EB5061C71FAF0F6400C620F2 /* epsilon.inl in Resources */,
				EB5061FA1FAF0F6400C620F2 /* quaternion.inl in Resources */,
				EB5061F91FAF0F6400C620F2 /* projection.inl in Resources */,
				EB5061C41FAF0F6400C620F2 /* type_vec3.inl in Resources */,
				EB5061A71FAF0F6400C620F2 /* func_exponential.inl in Resources */,
				EB5061B41FAF0F6400C620F2 /* intrinsic_vector_relational.inl in Resources */,
				EB5061C91FAF0F6400C620F2 /* matrix_access.inl in Resources */,
				EB5061A91FAF0F6400C620F2 /* func_integer.inl in Resources */,
				EB5061FE1FAF0F6400C620F2 /* simd_vec4.inl in Resources */,
				EB5062061FAF0F6400C620F2 /* vector_access.inl in Resources */,
				EB5061CB1FAF0F6400C620F2 /* matrix_transform.inl in Resources */,
				EB5061B31FAF0F6400C620F2 /* intrinsic_trigonometric.inl in Resources */,
				EB5062011FAF0F6400C620F2 /* string_cast.inl in Resources */,
				EB5061E01FAF0F6400C620F2 /* fast_square_root.inl in Resources */,
				EB5061EE1FAF0F6400C620F2 /* mixed_product.inl in Resources */,
				EB5061F31FAF0F6400C620F2 /* number_precision.inl in Resources */,
				EB5061CF1FAF0F6400C620F2 /* reciprocal.inl in Resources */,
				EB5061D41FAF0F6400C620F2 /* associated_min_max.inl in Resources */,
				EB5061CD1FAF0F6400C620F2 /* quaternion.inl in Resources */,
				EB50620A1FAF0F6400C620F2 /* wrap.inl in Resources */,
				EB5061DC1FAF0F6400C620F2 /* euler_angles.inl in Resources */,
				EB5061F71FAF0F6400C620F2 /* perpendicular.inl in Resources */,
				EB5061EC1FAF0F6400C620F2 /* matrix_operation.inl in Resources */,
				EB5062051FAF0F6400C620F2 /* vec1.inl in Resources */,
				EB5061F21FAF0F6400C620F2 /* normalize_dot.inl in Resources */,
				EB5062021FAF0F6400C620F2 /* transform.inl in Resources */,
				EB5061E51FAF0F6400C620F2 /* int_10_10_10_2.inl in Resources */,
				EB5060A21FAD95FA00C620F2 /* Main.storyboard in Resources */,
				EB5061B61FAF0F6400C620F2 /* type_half.inl in Resources */,
				EB5061CC1FAF0F6400C620F2 /* noise.inl in Resources */,
				EB5061D01FAF0F6400C620F2 /* swizzle.inl in Resources */,
				EB5061FB1FAF0F6400C620F2 /* raw_data.inl in Resources */,
				EB5061AD1FAF0F6400C620F2 /* func_trigonometric.inl in Resources */,
				EB5061D81FAF0F6400C620F2 /* color_space.inl in Resources */,
				EB5061DE1FAF0F6400C620F2 /* extented_min_max.inl in Resources */,
				EB5061E21FAF0F6400C620F2 /* gradient_paint.inl in Resources */,
				EB5061F51FAF0F6400C620F2 /* optimum_pow.inl in Resources */,
				EB5061C81FAF0F6400C620F2 /* half_float.inl in Resources */,
				EB5061F01FAF0F6400C620F2 /* norm.inl in Resources */,
				EB5061F81FAF0F6400C620F2 /* polar_coordinates.inl in Resources */,
				EB5061B21FAF0F6400C620F2 /* intrinsic_matrix.inl in Resources */,
				EB5061AB1FAF0F6400C620F2 /* func_noise.inl in Resources */,
				EB5061BA1FAF0F6400C620F2 /* type_mat2x4.inl in Resources */,
				EB5061E61FAF0F6400C620F2 /* integer.inl in Resources */,
				EB5061D11FAF0F6400C620F2 /* type_precision.inl in Resources */,
				EB5061C11FAF0F6400C620F2 /* type_vec.inl in Resources */,
				EB5061B81FAF0F6400C620F2 /* type_mat2x2.inl in Resources */,
				EB5061D21FAF0F6400C620F2 /* type_ptr.inl in Resources */,
				EB5061CE1FAF0F6400C620F2 /* random.inl in Resources */,
				EB5061B01FAF0F6400C620F2 /* intrinsic_exponential.inl in Resources */,
				EB5061C51FAF0F6400C620F2 /* type_vec4.inl in Resources */,
				EB5061BF1FAF0F6400C620F2 /* type_mat4x3.inl in Resources */,
				EB5061AA1FAF0F6400C620F2 /* func_matrix.inl in Resources */,
				EB5061B91FAF0F6400C620F2 /* type_mat2x3.inl in Resources */,
				EB5061AC1FAF0F6400C620F2 /* func_packing.inl in Resources */,
				EB5061ED1FAF0F6400C620F2 /* matrix_query.inl in Resources */,
				EB5062001FAF0F6400C620F2 /* std_based_type.inl in Resources */,
				EB5061C01FAF0F6400C620F2 /* type_mat4x4.inl in Resources */,
				EB5060B81FAD961B00C620F2 /* vertex.vsh in Resources */,
				EB5061EA1FAF0F6400C620F2 /* matrix_interpolation.inl in Resources */,
				EB5061D51FAF0F6400C620F2 /* bit.inl in Resources */,
				EB5061D61FAF0F6400C620F2 /* closest_point.inl in Resources */,
				EB5061DA1FAF0F6400C620F2 /* compatibility.inl in Resources */,
				EB5061A81FAF0F6400C620F2 /* func_geometric.inl in Resources */,
				EB5061BC1FAF0F6400C620F2 /* type_mat3x3.inl in Resources */,
				EB5061E11FAF0F6400C620F2 /* fast_trigonometry.inl in Resources */,
				EB5061D91FAF0F6400C620F2 /* color_space_YCoCg.inl in Resources */,
				EB5062091FAF0F6400C620F2 /* verbose_operator.inl in Resources */,
				EB5060B71FAD961B00C620F2 /* fragment.fsh in Resources */,
				EB5062031FAF0F6400C620F2 /* transform2.inl in Resources */,
				EB5061B11FAF0F6400C620F2 /* intrinsic_geometric.inl in Resources */,
				EB5061EB1FAF0F6400C620F2 /* matrix_major_storage.inl in Resources */,
				EB5061C21FAF0F6400C620F2 /* type_vec1.inl in Resources */,
				EB5061DB1FAF0F6400C620F2 /* component_wise.inl in Resources */,
				EB5061AE1FAF0F6400C620F2 /* func_vector_relational.inl in Resources */,
				EB5061BE1FAF0F6400C620F2 /* type_mat4x2.inl in Resources */,
				EB5061D71FAF0F6400C620F2 /* color_cast.inl in Resources */,
				EB5062071FAF0F6400C620F2 /* vector_angle.inl in Resources */,
				EB5061EF1FAF0F6400C620F2 /* multiple.inl in Resources */,
				EB5061A61FAF0F6400C620F2 /* func_common.inl in Resources */,
				EB5061E71FAF0F6400C620F2 /* intersect.inl in Resources */,
			);
			runOnlyForDeploymentPostprocessing = 0;
		};
/* End PBXResourcesBuildPhase section */

/* Begin PBXSourcesBuildPhase section */
		EB5060931FAD95FA00C620F2 /* Sources */ = {
			isa = PBXSourcesBuildPhase;
			buildActionMask = 2147483647;
			files = (
				EB50609F1FAD95FA00C620F2 /* ViewController.m in Sources */,
				EB5060AA1FAD95FA00C620F2 /* main.m in Sources */,
				EB5060BB1FAD961B00C620F2 /* MTEAGLView.mm in Sources */,
				EB5060B91FAD961B00C620F2 /* MTGLProgram.c in Sources */,
				EB5061A51FAF0F6400C620F2 /* dummy.cpp in Sources */,
				EB50609C1FAD95FA00C620F2 /* AppDelegate.m in Sources */,
			);
			runOnlyForDeploymentPostprocessing = 0;
		};
/* End PBXSourcesBuildPhase section */

/* Begin PBXVariantGroup section */
		EB5060A01FAD95FA00C620F2 /* Main.storyboard */ = {
			isa = PBXVariantGroup;
			children = (
				EB5060A11FAD95FA00C620F2 /* Base */,
			);
			name = Main.storyboard;
			sourceTree = "<group>";
		};
		EB5060A51FAD95FA00C620F2 /* LaunchScreen.storyboard */ = {
			isa = PBXVariantGroup;
			children = (
				EB5060A61FAD95FA00C620F2 /* Base */,
			);
			name = LaunchScreen.storyboard;
			sourceTree = "<group>";
		};
/* End PBXVariantGroup section */

/* Begin XCBuildConfiguration section */
		EB5060AB1FAD95FA00C620F2 /* Debug */ = {
			isa = XCBuildConfiguration;
			buildSettings = {
				ALWAYS_SEARCH_USER_PATHS = NO;
				CLANG_ANALYZER_NONNULL = YES;
				CLANG_ANALYZER_NUMBER_OBJECT_CONVERSION = YES_AGGRESSIVE;
				CLANG_CXX_LANGUAGE_STANDARD = "gnu++14";
				CLANG_CXX_LIBRARY = "libc++";
				CLANG_ENABLE_MODULES = YES;
				CLANG_ENABLE_OBJC_ARC = YES;
				CLANG_WARN_BLOCK_CAPTURE_AUTORELEASING = YES;
				CLANG_WARN_BOOL_CONVERSION = YES;
				CLANG_WARN_COMMA = YES;
				CLANG_WARN_CONSTANT_CONVERSION = YES;
				CLANG_WARN_DIRECT_OBJC_ISA_USAGE = YES_ERROR;
				CLANG_WARN_DOCUMENTATION_COMMENTS = YES;
				CLANG_WARN_EMPTY_BODY = YES;
				CLANG_WARN_ENUM_CONVERSION = YES;
				CLANG_WARN_INFINITE_RECURSION = YES;
				CLANG_WARN_INT_CONVERSION = YES;
				CLANG_WARN_NON_LITERAL_NULL_CONVERSION = YES;
				CLANG_WARN_OBJC_LITERAL_CONVERSION = YES;
				CLANG_WARN_OBJC_ROOT_CLASS = YES_ERROR;
				CLANG_WARN_RANGE_LOOP_ANALYSIS = YES;
				CLANG_WARN_STRICT_PROTOTYPES = YES;
				CLANG_WARN_SUSPICIOUS_MOVE = YES;
				CLANG_WARN_UNGUARDED_AVAILABILITY = YES_AGGRESSIVE;
				CLANG_WARN_UNREACHABLE_CODE = YES;
				CLANG_WARN__DUPLICATE_METHOD_MATCH = YES;
				CODE_SIGN_IDENTITY = "iPhone Developer";
				COPY_PHASE_STRIP = NO;
				DEBUG_INFORMATION_FORMAT = dwarf;
				ENABLE_STRICT_OBJC_MSGSEND = YES;
				ENABLE_TESTABILITY = YES;
				GCC_C_LANGUAGE_STANDARD = gnu11;
				GCC_DYNAMIC_NO_PIC = NO;
				GCC_NO_COMMON_BLOCKS = YES;
				GCC_OPTIMIZATION_LEVEL = 0;
				GCC_PREPROCESSOR_DEFINITIONS = (
					"DEBUG=1",
					"$(inherited)",
				);
				GCC_WARN_64_TO_32_BIT_CONVERSION = YES;
				GCC_WARN_ABOUT_RETURN_TYPE = YES_ERROR;
				GCC_WARN_UNDECLARED_SELECTOR = YES;
				GCC_WARN_UNINITIALIZED_AUTOS = YES_AGGRESSIVE;
				GCC_WARN_UNUSED_FUNCTION = YES;
				GCC_WARN_UNUSED_VARIABLE = YES;
				IPHONEOS_DEPLOYMENT_TARGET = 11.0;
				MTL_ENABLE_DEBUG_INFO = YES;
				ONLY_ACTIVE_ARCH = YES;
				SDKROOT = iphoneos;
			};
			name = Debug;
		};
		EB5060AC1FAD95FA00C620F2 /* Release */ = {
			isa = XCBuildConfiguration;
			buildSettings = {
				ALWAYS_SEARCH_USER_PATHS = NO;
				CLANG_ANALYZER_NONNULL = YES;
				CLANG_ANALYZER_NUMBER_OBJECT_CONVERSION = YES_AGGRESSIVE;
				CLANG_CXX_LANGUAGE_STANDARD = "gnu++14";
				CLANG_CXX_LIBRARY = "libc++";
				CLANG_ENABLE_MODULES = YES;
				CLANG_ENABLE_OBJC_ARC = YES;
				CLANG_WARN_BLOCK_CAPTURE_AUTORELEASING = YES;
				CLANG_WARN_BOOL_CONVERSION = YES;
				CLANG_WARN_COMMA = YES;
				CLANG_WARN_CONSTANT_CONVERSION = YES;
				CLANG_WARN_DIRECT_OBJC_ISA_USAGE = YES_ERROR;
				CLANG_WARN_DOCUMENTATION_COMMENTS = YES;
				CLANG_WARN_EMPTY_BODY = YES;
				CLANG_WARN_ENUM_CONVERSION = YES;
				CLANG_WARN_INFINITE_RECURSION = YES;
				CLANG_WARN_INT_CONVERSION = YES;
				CLANG_WARN_NON_LITERAL_NULL_CONVERSION = YES;
				CLANG_WARN_OBJC_LITERAL_CONVERSION = YES;
				CLANG_WARN_OBJC_ROOT_CLASS = YES_ERROR;
				CLANG_WARN_RANGE_LOOP_ANALYSIS = YES;
				CLANG_WARN_STRICT_PROTOTYPES = YES;
				CLANG_WARN_SUSPICIOUS_MOVE = YES;
				CLANG_WARN_UNGUARDED_AVAILABILITY = YES_AGGRESSIVE;
				CLANG_WARN_UNREACHABLE_CODE = YES;
				CLANG_WARN__DUPLICATE_METHOD_MATCH = YES;
				CODE_SIGN_IDENTITY = "iPhone Developer";
				COPY_PHASE_STRIP = NO;
				DEBUG_INFORMATION_FORMAT = "dwarf-with-dsym";
				ENABLE_NS_ASSERTIONS = NO;
				ENABLE_STRICT_OBJC_MSGSEND = YES;
				GCC_C_LANGUAGE_STANDARD = gnu11;
				GCC_NO_COMMON_BLOCKS = YES;
				GCC_WARN_64_TO_32_BIT_CONVERSION = YES;
				GCC_WARN_ABOUT_RETURN_TYPE = YES_ERROR;
				GCC_WARN_UNDECLARED_SELECTOR = YES;
				GCC_WARN_UNINITIALIZED_AUTOS = YES_AGGRESSIVE;
				GCC_WARN_UNUSED_FUNCTION = YES;
				GCC_WARN_UNUSED_VARIABLE = YES;
				IPHONEOS_DEPLOYMENT_TARGET = 11.0;
				MTL_ENABLE_DEBUG_INFO = NO;
				SDKROOT = iphoneos;
				VALIDATE_PRODUCT = YES;
			};
			name = Release;
		};
		EB5060AE1FAD95FA00C620F2 /* Debug */ = {
			isa = XCBuildConfiguration;
			buildSettings = {
				ASSETCATALOG_COMPILER_APPICON_NAME = AppIcon;
				CODE_SIGN_STYLE = Automatic;
				INFOPLIST_FILE = "OpenGLES-坐标系统/Info.plist";
				LD_RUNPATH_SEARCH_PATHS = "$(inherited) @executable_path/Frameworks";
				PRODUCT_BUNDLE_IDENTIFIER = "com.menya.OpenGLES-----";
				PRODUCT_NAME = "$(TARGET_NAME)";
				TARGETED_DEVICE_FAMILY = "1,2";
			};
			name = Debug;
		};
		EB5060AF1FAD95FA00C620F2 /* Release */ = {
			isa = XCBuildConfiguration;
			buildSettings = {
				ASSETCATALOG_COMPILER_APPICON_NAME = AppIcon;
				CODE_SIGN_STYLE = Automatic;
				INFOPLIST_FILE = "OpenGLES-坐标系统/Info.plist";
				LD_RUNPATH_SEARCH_PATHS = "$(inherited) @executable_path/Frameworks";
				PRODUCT_BUNDLE_IDENTIFIER = "com.menya.OpenGLES-----";
				PRODUCT_NAME = "$(TARGET_NAME)";
				TARGETED_DEVICE_FAMILY = "1,2";
			};
			name = Release;
		};
/* End XCBuildConfiguration section */

/* Begin XCConfigurationList section */
		EB5060921FAD95FA00C620F2 /* Build configuration list for PBXProject "OpenGLES-坐标系统" */ = {
			isa = XCConfigurationList;
			buildConfigurations = (
				EB5060AB1FAD95FA00C620F2 /* Debug */,
				EB5060AC1FAD95FA00C620F2 /* Release */,
			);
			defaultConfigurationIsVisible = 0;
			defaultConfigurationName = Release;
		};
		EB5060AD1FAD95FA00C620F2 /* Build configuration list for PBXNativeTarget "OpenGLES-坐标系统" */ = {
			isa = XCConfigurationList;
			buildConfigurations = (
				EB5060AE1FAD95FA00C620F2 /* Debug */,
				EB5060AF1FAD95FA00C620F2 /* Release */,
			);
			defaultConfigurationIsVisible = 0;
			defaultConfigurationName = Release;
		};
/* End XCConfigurationList section */
	};
	rootObject = EB50608F1FAD95FA00C620F2 /* Project object */;
}
